// !$*UTF8*$!
{
	archiveVersion = 1;
	classes = {
	};
	objectVersion = 46;
	objects = {

/* Begin PBXBuildFile section */
		7A2C29FF205429CA000EC45C /* AjouterPriseViewController.swift in Sources */ = {isa = PBXBuildFile; fileRef = 7A2C29FE205429CA000EC45C /* AjouterPriseViewController.swift */; };
		7A6BB35F2050281C00A46AB3 /* AppDelegate.swift in Sources */ = {isa = PBXBuildFile; fileRef = 7A6BB35E2050281C00A46AB3 /* AppDelegate.swift */; };
		7A6BB3612050281C00A46AB3 /* ViewController.swift in Sources */ = {isa = PBXBuildFile; fileRef = 7A6BB3602050281C00A46AB3 /* ViewController.swift */; };
		7A6BB3642050281C00A46AB3 /* Main.storyboard in Resources */ = {isa = PBXBuildFile; fileRef = 7A6BB3622050281C00A46AB3 /* Main.storyboard */; };
		7A6BB3672050281C00A46AB3 /* Mon_Pk___Moi.xcdatamodeld in Sources */ = {isa = PBXBuildFile; fileRef = 7A6BB3652050281C00A46AB3 /* Mon_Pk___Moi.xcdatamodeld */; };
		7A6BB3692050281C00A46AB3 /* Assets.xcassets in Resources */ = {isa = PBXBuildFile; fileRef = 7A6BB3682050281C00A46AB3 /* Assets.xcassets */; };
		7A6BB36C2050281C00A46AB3 /* LaunchScreen.storyboard in Resources */ = {isa = PBXBuildFile; fileRef = 7A6BB36A2050281C00A46AB3 /* LaunchScreen.storyboard */; };
		7A6BB3772050281C00A46AB3 /* Mon_Pk___MoiTests.swift in Sources */ = {isa = PBXBuildFile; fileRef = 7A6BB3762050281C00A46AB3 /* Mon_Pk___MoiTests.swift */; };
		7A6BB3822050281C00A46AB3 /* Mon_Pk___MoiUITests.swift in Sources */ = {isa = PBXBuildFile; fileRef = 7A6BB3812050281C00A46AB3 /* Mon_Pk___MoiUITests.swift */; };
		7A6BB3932050285300A46AB3 /* bouton_agenda.png in Resources */ = {isa = PBXBuildFile; fileRef = 7A6BB38F2050285300A46AB3 /* bouton_agenda.png */; };
		7A6BB3942050285300A46AB3 /* bouton_information.png in Resources */ = {isa = PBXBuildFile; fileRef = 7A6BB3902050285300A46AB3 /* bouton_information.png */; };
		7A6BB3952050285300A46AB3 /* bouton_pilulier.png in Resources */ = {isa = PBXBuildFile; fileRef = 7A6BB3912050285300A46AB3 /* bouton_pilulier.png */; };
		7A6BB3962050285300A46AB3 /* bouton_traceur.png in Resources */ = {isa = PBXBuildFile; fileRef = 7A6BB3922050285300A46AB3 /* bouton_traceur.png */; };
		7A6BB39920502B4900A46AB3 /* logo.png in Resources */ = {isa = PBXBuildFile; fileRef = 7A6BB39820502B4900A46AB3 /* logo.png */; };
		7A6BB39B20502C8A00A46AB3 /* user.png in Resources */ = {isa = PBXBuildFile; fileRef = 7A6BB39A20502C8A00A46AB3 /* user.png */; };
		7AA533FE2057C09C00A2A443 /* PriseMedicamentTableViewCell.swift in Sources */ = {isa = PBXBuildFile; fileRef = 7AA533FD2057C09C00A2A443 /* PriseMedicamentTableViewCell.swift */; };
		7AA534022057C9FF00A2A443 /* pilulierViewController.swift in Sources */ = {isa = PBXBuildFile; fileRef = 7AA534012057C9FF00A2A443 /* pilulierViewController.swift */; };
/* End PBXBuildFile section */

/* Begin PBXContainerItemProxy section */
		7A6BB3732050281C00A46AB3 /* PBXContainerItemProxy */ = {
			isa = PBXContainerItemProxy;
			containerPortal = 7A6BB3532050281C00A46AB3 /* Project object */;
			proxyType = 1;
			remoteGlobalIDString = 7A6BB35A2050281C00A46AB3;
			remoteInfo = "Mon Pk & Moi";
		};
		7A6BB37E2050281C00A46AB3 /* PBXContainerItemProxy */ = {
			isa = PBXContainerItemProxy;
			containerPortal = 7A6BB3532050281C00A46AB3 /* Project object */;
			proxyType = 1;
			remoteGlobalIDString = 7A6BB35A2050281C00A46AB3;
			remoteInfo = "Mon Pk & Moi";
		};
/* End PBXContainerItemProxy section */

/* Begin PBXFileReference section */
		7A2C29FE205429CA000EC45C /* AjouterPriseViewController.swift */ = {isa = PBXFileReference; fileEncoding = 4; lastKnownFileType = sourcecode.swift; name = AjouterPriseViewController.swift; path = ../AjouterPriseViewController.swift; sourceTree = "<group>"; };
		7A6BB35B2050281C00A46AB3 /* Mon Pk & Moi.app */ = {isa = PBXFileReference; explicitFileType = wrapper.application; includeInIndex = 0; path = "Mon Pk & Moi.app"; sourceTree = BUILT_PRODUCTS_DIR; };
		7A6BB35E2050281C00A46AB3 /* AppDelegate.swift */ = {isa = PBXFileReference; lastKnownFileType = sourcecode.swift; path = AppDelegate.swift; sourceTree = "<group>"; };
		7A6BB3602050281C00A46AB3 /* ViewController.swift */ = {isa = PBXFileReference; lastKnownFileType = sourcecode.swift; path = ViewController.swift; sourceTree = "<group>"; };
		7A6BB3632050281C00A46AB3 /* Base */ = {isa = PBXFileReference; lastKnownFileType = file.storyboard; name = Base; path = Base.lproj/Main.storyboard; sourceTree = "<group>"; };
		7A6BB3662050281C00A46AB3 /* Mon_Pk___Moi.xcdatamodel */ = {isa = PBXFileReference; lastKnownFileType = wrapper.xcdatamodel; path = "Mon_Pk___Moi.xcdatamodel"; sourceTree = "<group>"; };
		7A6BB3682050281C00A46AB3 /* Assets.xcassets */ = {isa = PBXFileReference; lastKnownFileType = folder.assetcatalog; path = Assets.xcassets; sourceTree = "<group>"; };
		7A6BB36B2050281C00A46AB3 /* Base */ = {isa = PBXFileReference; lastKnownFileType = file.storyboard; name = Base; path = Base.lproj/LaunchScreen.storyboard; sourceTree = "<group>"; };
		7A6BB36D2050281C00A46AB3 /* Info.plist */ = {isa = PBXFileReference; lastKnownFileType = text.plist.xml; path = Info.plist; sourceTree = "<group>"; };
		7A6BB3722050281C00A46AB3 /* Mon Pk & MoiTests.xctest */ = {isa = PBXFileReference; explicitFileType = wrapper.cfbundle; includeInIndex = 0; path = "Mon Pk & MoiTests.xctest"; sourceTree = BUILT_PRODUCTS_DIR; };
		7A6BB3762050281C00A46AB3 /* Mon_Pk___MoiTests.swift */ = {isa = PBXFileReference; lastKnownFileType = sourcecode.swift; path = "Mon_Pk___MoiTests.swift"; sourceTree = "<group>"; };
		7A6BB3782050281C00A46AB3 /* Info.plist */ = {isa = PBXFileReference; lastKnownFileType = text.plist.xml; path = Info.plist; sourceTree = "<group>"; };
		7A6BB37D2050281C00A46AB3 /* Mon Pk & MoiUITests.xctest */ = {isa = PBXFileReference; explicitFileType = wrapper.cfbundle; includeInIndex = 0; path = "Mon Pk & MoiUITests.xctest"; sourceTree = BUILT_PRODUCTS_DIR; };
		7A6BB3812050281C00A46AB3 /* Mon_Pk___MoiUITests.swift */ = {isa = PBXFileReference; lastKnownFileType = sourcecode.swift; path = "Mon_Pk___MoiUITests.swift"; sourceTree = "<group>"; };
		7A6BB3832050281C00A46AB3 /* Info.plist */ = {isa = PBXFileReference; lastKnownFileType = text.plist.xml; path = Info.plist; sourceTree = "<group>"; };
		7A6BB38F2050285300A46AB3 /* bouton_agenda.png */ = {isa = PBXFileReference; lastKnownFileType = image.png; path = bouton_agenda.png; sourceTree = "<group>"; };
		7A6BB3902050285300A46AB3 /* bouton_information.png */ = {isa = PBXFileReference; lastKnownFileType = image.png; path = bouton_information.png; sourceTree = "<group>"; };
		7A6BB3912050285300A46AB3 /* bouton_pilulier.png */ = {isa = PBXFileReference; lastKnownFileType = image.png; path = bouton_pilulier.png; sourceTree = "<group>"; };
		7A6BB3922050285300A46AB3 /* bouton_traceur.png */ = {isa = PBXFileReference; lastKnownFileType = image.png; path = bouton_traceur.png; sourceTree = "<group>"; };
		7A6BB39820502B4900A46AB3 /* logo.png */ = {isa = PBXFileReference; lastKnownFileType = image.png; path = logo.png; sourceTree = "<group>"; };
		7A6BB39A20502C8A00A46AB3 /* user.png */ = {isa = PBXFileReference; lastKnownFileType = image.png; path = user.png; sourceTree = "<group>"; };
		7AA533FD2057C09C00A2A443 /* PriseMedicamentTableViewCell.swift */ = {isa = PBXFileReference; fileEncoding = 4; lastKnownFileType = sourcecode.swift; path = PriseMedicamentTableViewCell.swift; sourceTree = "<group>"; };
		7AA534012057C9FF00A2A443 /* pilulierViewController.swift */ = {isa = PBXFileReference; fileEncoding = 4; lastKnownFileType = sourcecode.swift; name = pilulierViewController.swift; path = ../pilulierViewController.swift; sourceTree = "<group>"; };
/* End PBXFileReference section */

/* Begin PBXFrameworksBuildPhase section */
		7A6BB3582050281C00A46AB3 /* Frameworks */ = {
			isa = PBXFrameworksBuildPhase;
			buildActionMask = 2147483647;
			files = (
			);
			runOnlyForDeploymentPostprocessing = 0;
		};
		7A6BB36F2050281C00A46AB3 /* Frameworks */ = {
			isa = PBXFrameworksBuildPhase;
			buildActionMask = 2147483647;
			files = (
			);
			runOnlyForDeploymentPostprocessing = 0;
		};
		7A6BB37A2050281C00A46AB3 /* Frameworks */ = {
			isa = PBXFrameworksBuildPhase;
			buildActionMask = 2147483647;
			files = (
			);
			runOnlyForDeploymentPostprocessing = 0;
		};
/* End PBXFrameworksBuildPhase section */

/* Begin PBXGroup section */
		7A6BB3522050281C00A46AB3 = {
			isa = PBXGroup;
			children = (
				7A6BB35D2050281C00A46AB3 /* Mon Pk & Moi */,
				7A6BB3752050281C00A46AB3 /* Mon Pk & MoiTests */,
				7A6BB3802050281C00A46AB3 /* Mon Pk & MoiUITests */,
				7A6BB35C2050281C00A46AB3 /* Products */,
			);
			sourceTree = "<group>";
		};
		7A6BB35C2050281C00A46AB3 /* Products */ = {
			isa = PBXGroup;
			children = (
				7A6BB35B2050281C00A46AB3 /* Mon Pk & Moi.app */,
				7A6BB3722050281C00A46AB3 /* Mon Pk & MoiTests.xctest */,
				7A6BB37D2050281C00A46AB3 /* Mon Pk & MoiUITests.xctest */,
			);
			name = Products;
			sourceTree = "<group>";
		};
		7A6BB35D2050281C00A46AB3 /* Mon Pk & Moi */ = {
			isa = PBXGroup;
			children = (
				7A6BB3972050285B00A46AB3 /* images */,
				7A6BB35E2050281C00A46AB3 /* AppDelegate.swift */,
				7AA534012057C9FF00A2A443 /* pilulierViewController.swift */,
				7A2C29FE205429CA000EC45C /* AjouterPriseViewController.swift */,
				7A6BB3602050281C00A46AB3 /* ViewController.swift */,
				7A6BB3622050281C00A46AB3 /* Main.storyboard */,
				7AA533FD2057C09C00A2A443 /* PriseMedicamentTableViewCell.swift */,
				7A6BB3682050281C00A46AB3 /* Assets.xcassets */,
				7A6BB36A2050281C00A46AB3 /* LaunchScreen.storyboard */,
				7A6BB36D2050281C00A46AB3 /* Info.plist */,
				7A6BB3652050281C00A46AB3 /* Mon_Pk___Moi.xcdatamodeld */,
			);
			path = "Mon Pk & Moi";
			sourceTree = "<group>";
		};
		7A6BB3752050281C00A46AB3 /* Mon Pk & MoiTests */ = {
			isa = PBXGroup;
			children = (
				7A6BB3762050281C00A46AB3 /* Mon_Pk___MoiTests.swift */,
				7A6BB3782050281C00A46AB3 /* Info.plist */,
			);
			path = "Mon Pk & MoiTests";
			sourceTree = "<group>";
		};
		7A6BB3802050281C00A46AB3 /* Mon Pk & MoiUITests */ = {
			isa = PBXGroup;
			children = (
				7A6BB3812050281C00A46AB3 /* Mon_Pk___MoiUITests.swift */,
				7A6BB3832050281C00A46AB3 /* Info.plist */,
			);
			path = "Mon Pk & MoiUITests";
			sourceTree = "<group>";
		};
		7A6BB3972050285B00A46AB3 /* images */ = {
			isa = PBXGroup;
			children = (
				7A6BB39A20502C8A00A46AB3 /* user.png */,
				7A6BB39820502B4900A46AB3 /* logo.png */,
				7A6BB38F2050285300A46AB3 /* bouton_agenda.png */,
				7A6BB3902050285300A46AB3 /* bouton_information.png */,
				7A6BB3912050285300A46AB3 /* bouton_pilulier.png */,
				7A6BB3922050285300A46AB3 /* bouton_traceur.png */,
			);
			name = images;
			sourceTree = "<group>";
		};
/* End PBXGroup section */

/* Begin PBXNativeTarget section */
		7A6BB35A2050281C00A46AB3 /* Mon Pk & Moi */ = {
			isa = PBXNativeTarget;
			buildConfigurationList = 7A6BB3862050281C00A46AB3 /* Build configuration list for PBXNativeTarget "Mon Pk & Moi" */;
			buildPhases = (
				7A6BB3572050281C00A46AB3 /* Sources */,
				7A6BB3582050281C00A46AB3 /* Frameworks */,
				7A6BB3592050281C00A46AB3 /* Resources */,
			);
			buildRules = (
			);
			dependencies = (
			);
			name = "Mon Pk & Moi";
			productName = "Mon Pk & Moi";
			productReference = 7A6BB35B2050281C00A46AB3 /* Mon Pk & Moi.app */;
			productType = "com.apple.product-type.application";
		};
		7A6BB3712050281C00A46AB3 /* Mon Pk & MoiTests */ = {
			isa = PBXNativeTarget;
			buildConfigurationList = 7A6BB3892050281C00A46AB3 /* Build configuration list for PBXNativeTarget "Mon Pk & MoiTests" */;
			buildPhases = (
				7A6BB36E2050281C00A46AB3 /* Sources */,
				7A6BB36F2050281C00A46AB3 /* Frameworks */,
				7A6BB3702050281C00A46AB3 /* Resources */,
			);
			buildRules = (
			);
			dependencies = (
				7A6BB3742050281C00A46AB3 /* PBXTargetDependency */,
			);
			name = "Mon Pk & MoiTests";
			productName = "Mon Pk & MoiTests";
			productReference = 7A6BB3722050281C00A46AB3 /* Mon Pk & MoiTests.xctest */;
			productType = "com.apple.product-type.bundle.unit-test";
		};
		7A6BB37C2050281C00A46AB3 /* Mon Pk & MoiUITests */ = {
			isa = PBXNativeTarget;
			buildConfigurationList = 7A6BB38C2050281C00A46AB3 /* Build configuration list for PBXNativeTarget "Mon Pk & MoiUITests" */;
			buildPhases = (
				7A6BB3792050281C00A46AB3 /* Sources */,
				7A6BB37A2050281C00A46AB3 /* Frameworks */,
				7A6BB37B2050281C00A46AB3 /* Resources */,
			);
			buildRules = (
			);
			dependencies = (
				7A6BB37F2050281C00A46AB3 /* PBXTargetDependency */,
			);
			name = "Mon Pk & MoiUITests";
			productName = "Mon Pk & MoiUITests";
			productReference = 7A6BB37D2050281C00A46AB3 /* Mon Pk & MoiUITests.xctest */;
			productType = "com.apple.product-type.bundle.ui-testing";
		};
/* End PBXNativeTarget section */

/* Begin PBXProject section */
		7A6BB3532050281C00A46AB3 /* Project object */ = {
			isa = PBXProject;
			attributes = {
				LastSwiftUpdateCheck = 0820;
				LastUpgradeCheck = 0820;
				ORGANIZATIONNAME = romain;
				TargetAttributes = {
					7A6BB35A2050281C00A46AB3 = {
						CreatedOnToolsVersion = 8.2.1;
						ProvisioningStyle = Automatic;
					};
					7A6BB3712050281C00A46AB3 = {
						CreatedOnToolsVersion = 8.2.1;
						ProvisioningStyle = Automatic;
						TestTargetID = 7A6BB35A2050281C00A46AB3;
					};
					7A6BB37C2050281C00A46AB3 = {
						CreatedOnToolsVersion = 8.2.1;
						ProvisioningStyle = Automatic;
						TestTargetID = 7A6BB35A2050281C00A46AB3;
					};
				};
			};
			buildConfigurationList = 7A6BB3562050281C00A46AB3 /* Build configuration list for PBXProject "Mon Pk & Moi" */;
			compatibilityVersion = "Xcode 3.2";
			developmentRegion = English;
			hasScannedForEncodings = 0;
			knownRegions = (
				en,
				Base,
			);
			mainGroup = 7A6BB3522050281C00A46AB3;
			productRefGroup = 7A6BB35C2050281C00A46AB3 /* Products */;
			projectDirPath = "";
			projectRoot = "";
			targets = (
				7A6BB35A2050281C00A46AB3 /* Mon Pk & Moi */,
				7A6BB3712050281C00A46AB3 /* Mon Pk & MoiTests */,
				7A6BB37C2050281C00A46AB3 /* Mon Pk & MoiUITests */,
			);
		};
/* End PBXProject section */

/* Begin PBXResourcesBuildPhase section */
		7A6BB3592050281C00A46AB3 /* Resources */ = {
			isa = PBXResourcesBuildPhase;
			buildActionMask = 2147483647;
			files = (
				7A6BB36C2050281C00A46AB3 /* LaunchScreen.storyboard in Resources */,
				7A6BB3692050281C00A46AB3 /* Assets.xcassets in Resources */,
				7A6BB39B20502C8A00A46AB3 /* user.png in Resources */,
				7A6BB3952050285300A46AB3 /* bouton_pilulier.png in Resources */,
				7A6BB3942050285300A46AB3 /* bouton_information.png in Resources */,
				7A6BB39920502B4900A46AB3 /* logo.png in Resources */,
				7A6BB3932050285300A46AB3 /* bouton_agenda.png in Resources */,
				7A6BB3962050285300A46AB3 /* bouton_traceur.png in Resources */,
				7A6BB3642050281C00A46AB3 /* Main.storyboard in Resources */,
			);
			runOnlyForDeploymentPostprocessing = 0;
		};
		7A6BB3702050281C00A46AB3 /* Resources */ = {
			isa = PBXResourcesBuildPhase;
			buildActionMask = 2147483647;
			files = (
			);
			runOnlyForDeploymentPostprocessing = 0;
		};
		7A6BB37B2050281C00A46AB3 /* Resources */ = {
			isa = PBXResourcesBuildPhase;
			buildActionMask = 2147483647;
			files = (
			);
			runOnlyForDeploymentPostprocessing = 0;
		};
/* End PBXResourcesBuildPhase section */

/* Begin PBXSourcesBuildPhase section */
		7A6BB3572050281C00A46AB3 /* Sources */ = {
			isa = PBXSourcesBuildPhase;
			buildActionMask = 2147483647;
			files = (
				7AA533FE2057C09C00A2A443 /* PriseMedicamentTableViewCell.swift in Sources */,
				7A6BB3612050281C00A46AB3 /* ViewController.swift in Sources */,
				7AA534022057C9FF00A2A443 /* pilulierViewController.swift in Sources */,
				7A6BB3672050281C00A46AB3 /* Mon_Pk___Moi.xcdatamodeld in Sources */,
				7A2C29FF205429CA000EC45C /* AjouterPriseViewController.swift in Sources */,
				7A6BB35F2050281C00A46AB3 /* AppDelegate.swift in Sources */,
			);
			runOnlyForDeploymentPostprocessing = 0;
		};
		7A6BB36E2050281C00A46AB3 /* Sources */ = {
			isa = PBXSourcesBuildPhase;
			buildActionMask = 2147483647;
			files = (
				7A6BB3772050281C00A46AB3 /* Mon_Pk___MoiTests.swift in Sources */,
			);
			runOnlyForDeploymentPostprocessing = 0;
		};
		7A6BB3792050281C00A46AB3 /* Sources */ = {
			isa = PBXSourcesBuildPhase;
			buildActionMask = 2147483647;
			files = (
				7A6BB3822050281C00A46AB3 /* Mon_Pk___MoiUITests.swift in Sources */,
			);
			runOnlyForDeploymentPostprocessing = 0;
		};
/* End PBXSourcesBuildPhase section */

/* Begin PBXTargetDependency section */
		7A6BB3742050281C00A46AB3 /* PBXTargetDependency */ = {
			isa = PBXTargetDependency;
			target = 7A6BB35A2050281C00A46AB3 /* Mon Pk & Moi */;
			targetProxy = 7A6BB3732050281C00A46AB3 /* PBXContainerItemProxy */;
		};
		7A6BB37F2050281C00A46AB3 /* PBXTargetDependency */ = {
			isa = PBXTargetDependency;
			target = 7A6BB35A2050281C00A46AB3 /* Mon Pk & Moi */;
			targetProxy = 7A6BB37E2050281C00A46AB3 /* PBXContainerItemProxy */;
		};
/* End PBXTargetDependency section */

/* Begin PBXVariantGroup section */
		7A6BB3622050281C00A46AB3 /* Main.storyboard */ = {
			isa = PBXVariantGroup;
			children = (
				7A6BB3632050281C00A46AB3 /* Base */,
			);
			name = Main.storyboard;
			sourceTree = "<group>";
		};
		7A6BB36A2050281C00A46AB3 /* LaunchScreen.storyboard */ = {
			isa = PBXVariantGroup;
			children = (
				7A6BB36B2050281C00A46AB3 /* Base */,
			);
			name = LaunchScreen.storyboard;
			sourceTree = "<group>";
		};
/* End PBXVariantGroup section */

/* Begin XCBuildConfiguration section */
		7A6BB3842050281C00A46AB3 /* Debug */ = {
			isa = XCBuildConfiguration;
			buildSettings = {
				ALWAYS_SEARCH_USER_PATHS = NO;
				CLANG_ANALYZER_NONNULL = YES;
				CLANG_CXX_LANGUAGE_STANDARD = "gnu++0x";
				CLANG_CXX_LIBRARY = "libc++";
				CLANG_ENABLE_MODULES = YES;
				CLANG_ENABLE_OBJC_ARC = YES;
				CLANG_WARN_BOOL_CONVERSION = YES;
				CLANG_WARN_CONSTANT_CONVERSION = YES;
				CLANG_WARN_DIRECT_OBJC_ISA_USAGE = YES_ERROR;
				CLANG_WARN_DOCUMENTATION_COMMENTS = YES;
				CLANG_WARN_EMPTY_BODY = YES;
				CLANG_WARN_ENUM_CONVERSION = YES;
				CLANG_WARN_INFINITE_RECURSION = YES;
				CLANG_WARN_INT_CONVERSION = YES;
				CLANG_WARN_OBJC_ROOT_CLASS = YES_ERROR;
				CLANG_WARN_SUSPICIOUS_MOVE = YES;
				CLANG_WARN_UNREACHABLE_CODE = YES;
				CLANG_WARN__DUPLICATE_METHOD_MATCH = YES;
				"CODE_SIGN_IDENTITY[sdk=iphoneos*]" = "iPhone Developer";
				COPY_PHASE_STRIP = NO;
				DEBUG_INFORMATION_FORMAT = dwarf;
				ENABLE_STRICT_OBJC_MSGSEND = YES;
				ENABLE_TESTABILITY = YES;
				GCC_C_LANGUAGE_STANDARD = gnu99;
				GCC_DYNAMIC_NO_PIC = NO;
				GCC_NO_COMMON_BLOCKS = YES;
				GCC_OPTIMIZATION_LEVEL = 0;
				GCC_PREPROCESSOR_DEFINITIONS = (
					"DEBUG=1",
					"$(inherited)",
				);
				GCC_WARN_64_TO_32_BIT_CONVERSION = YES;
				GCC_WARN_ABOUT_RETURN_TYPE = YES_ERROR;
				GCC_WARN_UNDECLARED_SELECTOR = YES;
				GCC_WARN_UNINITIALIZED_AUTOS = YES_AGGRESSIVE;
				GCC_WARN_UNUSED_FUNCTION = YES;
				GCC_WARN_UNUSED_VARIABLE = YES;
				IPHONEOS_DEPLOYMENT_TARGET = 10.2;
				MTL_ENABLE_DEBUG_INFO = YES;
				ONLY_ACTIVE_ARCH = YES;
				SDKROOT = iphoneos;
				SWIFT_ACTIVE_COMPILATION_CONDITIONS = DEBUG;
				SWIFT_OPTIMIZATION_LEVEL = "-Onone";
				TARGETED_DEVICE_FAMILY = "1,2";
			};
			name = Debug;
		};
		7A6BB3852050281C00A46AB3 /* Release */ = {
			isa = XCBuildConfiguration;
			buildSettings = {
				ALWAYS_SEARCH_USER_PATHS = NO;
				CLANG_ANALYZER_NONNULL = YES;
				CLANG_CXX_LANGUAGE_STANDARD = "gnu++0x";
				CLANG_CXX_LIBRARY = "libc++";
				CLANG_ENABLE_MODULES = YES;
				CLANG_ENABLE_OBJC_ARC = YES;
				CLANG_WARN_BOOL_CONVERSION = YES;
				CLANG_WARN_CONSTANT_CONVERSION = YES;
				CLANG_WARN_DIRECT_OBJC_ISA_USAGE = YES_ERROR;
				CLANG_WARN_DOCUMENTATION_COMMENTS = YES;
				CLANG_WARN_EMPTY_BODY = YES;
				CLANG_WARN_ENUM_CONVERSION = YES;
				CLANG_WARN_INFINITE_RECURSION = YES;
				CLANG_WARN_INT_CONVERSION = YES;
				CLANG_WARN_OBJC_ROOT_CLASS = YES_ERROR;
				CLANG_WARN_SUSPICIOUS_MOVE = YES;
				CLANG_WARN_UNREACHABLE_CODE = YES;
				CLANG_WARN__DUPLICATE_METHOD_MATCH = YES;
				"CODE_SIGN_IDENTITY[sdk=iphoneos*]" = "iPhone Developer";
				COPY_PHASE_STRIP = NO;
				DEBUG_INFORMATION_FORMAT = "dwarf-with-dsym";
				ENABLE_NS_ASSERTIONS = NO;
				ENABLE_STRICT_OBJC_MSGSEND = YES;
				GCC_C_LANGUAGE_STANDARD = gnu99;
				GCC_NO_COMMON_BLOCKS = YES;
				GCC_WARN_64_TO_32_BIT_CONVERSION = YES;
				GCC_WARN_ABOUT_RETURN_TYPE = YES_ERROR;
				GCC_WARN_UNDECLARED_SELECTOR = YES;
				GCC_WARN_UNINITIALIZED_AUTOS = YES_AGGRESSIVE;
				GCC_WARN_UNUSED_FUNCTION = YES;
				GCC_WARN_UNUSED_VARIABLE = YES;
				IPHONEOS_DEPLOYMENT_TARGET = 10.2;
				MTL_ENABLE_DEBUG_INFO = NO;
				SDKROOT = iphoneos;
				SWIFT_OPTIMIZATION_LEVEL = "-Owholemodule";
				TARGETED_DEVICE_FAMILY = "1,2";
				VALIDATE_PRODUCT = YES;
			};
			name = Release;
		};
		7A6BB3872050281C00A46AB3 /* Debug */ = {
			isa = XCBuildConfiguration;
			buildSettings = {
				ASSETCATALOG_COMPILER_APPICON_NAME = AppIcon;
				INFOPLIST_FILE = "Mon Pk & Moi/Info.plist";
				LD_RUNPATH_SEARCH_PATHS = "$(inherited) @executable_path/Frameworks";
				PRODUCT_BUNDLE_IDENTIFIER = "projet.Mon-Pk---Moi";
				PRODUCT_NAME = "$(TARGET_NAME)";
				SWIFT_VERSION = 3.0;
			};
			name = Debug;
		};
		7A6BB3882050281C00A46AB3 /* Release */ = {
			isa = XCBuildConfiguration;
			buildSettings = {
				ASSETCATALOG_COMPILER_APPICON_NAME = AppIcon;
				INFOPLIST_FILE = "Mon Pk & Moi/Info.plist";
				LD_RUNPATH_SEARCH_PATHS = "$(inherited) @executable_path/Frameworks";
				PRODUCT_BUNDLE_IDENTIFIER = "projet.Mon-Pk---Moi";
				PRODUCT_NAME = "$(TARGET_NAME)";
				SWIFT_VERSION = 3.0;
			};
			name = Release;
		};
		7A6BB38A2050281C00A46AB3 /* Debug */ = {
			isa = XCBuildConfiguration;
			buildSettings = {
				ALWAYS_EMBED_SWIFT_STANDARD_LIBRARIES = YES;
				BUNDLE_LOADER = "$(TEST_HOST)";
				INFOPLIST_FILE = "Mon Pk & MoiTests/Info.plist";
				LD_RUNPATH_SEARCH_PATHS = "$(inherited) @executable_path/Frameworks @loader_path/Frameworks";
				PRODUCT_BUNDLE_IDENTIFIER = "projet.Mon-Pk---MoiTests";
				PRODUCT_NAME = "$(TARGET_NAME)";
				SWIFT_VERSION = 3.0;
				TEST_HOST = "$(BUILT_PRODUCTS_DIR)/Mon Pk & Moi.app/Mon Pk & Moi";
			};
			name = Debug;
		};
		7A6BB38B2050281C00A46AB3 /* Release */ = {
			isa = XCBuildConfiguration;
			buildSettings = {
				ALWAYS_EMBED_SWIFT_STANDARD_LIBRARIES = YES;
				BUNDLE_LOADER = "$(TEST_HOST)";
				INFOPLIST_FILE = "Mon Pk & MoiTests/Info.plist";
				LD_RUNPATH_SEARCH_PATHS = "$(inherited) @executable_path/Frameworks @loader_path/Frameworks";
				PRODUCT_BUNDLE_IDENTIFIER = "projet.Mon-Pk---MoiTests";
				PRODUCT_NAME = "$(TARGET_NAME)";
				SWIFT_VERSION = 3.0;
				TEST_HOST = "$(BUILT_PRODUCTS_DIR)/Mon Pk & Moi.app/Mon Pk & Moi";
			};
			name = Release;
		};
		7A6BB38D2050281C00A46AB3 /* Debug */ = {
			isa = XCBuildConfiguration;
			buildSettings = {
				ALWAYS_EMBED_SWIFT_STANDARD_LIBRARIES = YES;
				INFOPLIST_FILE = "Mon Pk & MoiUITests/Info.plist";
				LD_RUNPATH_SEARCH_PATHS = "$(inherited) @executable_path/Frameworks @loader_path/Frameworks";
				PRODUCT_BUNDLE_IDENTIFIER = "projet.Mon-Pk---MoiUITests";
				PRODUCT_NAME = "$(TARGET_NAME)";
				SWIFT_VERSION = 3.0;
				TEST_TARGET_NAME = "Mon Pk & Moi";
			};
			name = Debug;
		};
		7A6BB38E2050281C00A46AB3 /* Release */ = {
			isa = XCBuildConfiguration;
			buildSettings = {
				ALWAYS_EMBED_SWIFT_STANDARD_LIBRARIES = YES;
				INFOPLIST_FILE = "Mon Pk & MoiUITests/Info.plist";
				LD_RUNPATH_SEARCH_PATHS = "$(inherited) @executable_path/Frameworks @loader_path/Frameworks";
				PRODUCT_BUNDLE_IDENTIFIER = "projet.Mon-Pk---MoiUITests";
				PRODUCT_NAME = "$(TARGET_NAME)";
				SWIFT_VERSION = 3.0;
				TEST_TARGET_NAME = "Mon Pk & Moi";
			};
			name = Release;
		};
/* End XCBuildConfiguration section */

/* Begin XCConfigurationList section */
		7A6BB3562050281C00A46AB3 /* Build configuration list for PBXProject "Mon Pk & Moi" */ = {
			isa = XCConfigurationList;
			buildConfigurations = (
				7A6BB3842050281C00A46AB3 /* Debug */,
				7A6BB3852050281C00A46AB3 /* Release */,
			);
			defaultConfigurationIsVisible = 0;
			defaultConfigurationName = Release;
		};
		7A6BB3862050281C00A46AB3 /* Build configuration list for PBXNativeTarget "Mon Pk & Moi" */ = {
			isa = XCConfigurationList;
			buildConfigurations = (
				7A6BB3872050281C00A46AB3 /* Debug */,
				7A6BB3882050281C00A46AB3 /* Release */,
			);
			defaultConfigurationIsVisible = 0;
			defaultConfigurationName = Release;
		};
		7A6BB3892050281C00A46AB3 /* Build configuration list for PBXNativeTarget "Mon Pk & MoiTests" */ = {
			isa = XCConfigurationList;
			buildConfigurations = (
				7A6BB38A2050281C00A46AB3 /* Debug */,
				7A6BB38B2050281C00A46AB3 /* Release */,
			);
			defaultConfigurationIsVisible = 0;
			defaultConfigurationName = Release;
		};
		7A6BB38C2050281C00A46AB3 /* Build configuration list for PBXNativeTarget "Mon Pk & MoiUITests" */ = {
			isa = XCConfigurationList;
			buildConfigurations = (
				7A6BB38D2050281C00A46AB3 /* Debug */,
				7A6BB38E2050281C00A46AB3 /* Release */,
			);
			defaultConfigurationIsVisible = 0;
			defaultConfigurationName = Release;
		};
/* End XCConfigurationList section */

/* Begin XCVersionGroup section */
		7A6BB3652050281C00A46AB3 /* Mon_Pk___Moi.xcdatamodeld */ = {
			isa = XCVersionGroup;
			children = (
				7A6BB3662050281C00A46AB3 /* Mon_Pk___Moi.xcdatamodel */,
			);
			currentVersion = 7A6BB3662050281C00A46AB3 /* Mon_Pk___Moi.xcdatamodel */;
			path = "Mon_Pk___Moi.xcdatamodeld";
			sourceTree = "<group>";
			versionGroupType = wrapper.xcdatamodel;
		};
/* End XCVersionGroup section */
	};
	rootObject = 7A6BB3532050281C00A46AB3 /* Project object */;
}
