// !$*UTF8*$!
{
	archiveVersion = 1;
	classes = {
	};
	objectVersion = 46;
	objects = {

/* Begin PBXBuildFile section */
		2BA3DEE9206661A000DE1A9B /* EvenementCoreDataDAO.swift in Sources */ = {isa = PBXBuildFile; fileRef = 2BA3DEE8206661A000DE1A9B /* EvenementCoreDataDAO.swift */; };
		2BA3DEEB2066682100DE1A9B /* OrdonnanceExtension.swift in Sources */ = {isa = PBXBuildFile; fileRef = 2BA3DEEA2066682100DE1A9B /* OrdonnanceExtension.swift */; };
		2BA3DEED20666FAF00DE1A9B /* OrdonnanceCoreDataDAO.swift in Sources */ = {isa = PBXBuildFile; fileRef = 2BA3DEEC20666FAF00DE1A9B /* OrdonnanceCoreDataDAO.swift */; };
		2BA3DEEF2066762700DE1A9B /* PriseMedicamenteuseExtension.swift in Sources */ = {isa = PBXBuildFile; fileRef = 2BA3DEEE2066762700DE1A9B /* PriseMedicamenteuseExtension.swift */; };
		2BA3DEF120667E8B00DE1A9B /* PriseMedicamenteuseCoreDataDAO.swift in Sources */ = {isa = PBXBuildFile; fileRef = 2BA3DEF020667E8B00DE1A9B /* PriseMedicamenteuseCoreDataDAO.swift */; };
		2BB96A382066504800828A73 /* EvenementExtension.swift in Sources */ = {isa = PBXBuildFile; fileRef = 2BB96A372066504800828A73 /* EvenementExtension.swift */; };
		7A2C29FF205429CA000EC45C /* miseAJourViewController.swift in Sources */ = {isa = PBXBuildFile; fileRef = 7A2C29FE205429CA000EC45C /* miseAJourViewController.swift */; };
		7A6BB35F2050281C00A46AB3 /* AppDelegate.swift in Sources */ = {isa = PBXBuildFile; fileRef = 7A6BB35E2050281C00A46AB3 /* AppDelegate.swift */; };
		7A6BB3612050281C00A46AB3 /* ViewController.swift in Sources */ = {isa = PBXBuildFile; fileRef = 7A6BB3602050281C00A46AB3 /* ViewController.swift */; };
		7A6BB3642050281C00A46AB3 /* Main.storyboard in Resources */ = {isa = PBXBuildFile; fileRef = 7A6BB3622050281C00A46AB3 /* Main.storyboard */; };
		7A6BB3672050281C00A46AB3 /* Mon_Pk___Moi.xcdatamodeld in Sources */ = {isa = PBXBuildFile; fileRef = 7A6BB3652050281C00A46AB3 /* Mon_Pk___Moi.xcdatamodeld */; };
		7A6BB3692050281C00A46AB3 /* Assets.xcassets in Resources */ = {isa = PBXBuildFile; fileRef = 7A6BB3682050281C00A46AB3 /* Assets.xcassets */; };
		7A6BB36C2050281C00A46AB3 /* LaunchScreen.storyboard in Resources */ = {isa = PBXBuildFile; fileRef = 7A6BB36A2050281C00A46AB3 /* LaunchScreen.storyboard */; };
		7A6BB3772050281C00A46AB3 /* Mon_Pk___MoiTests.swift in Sources */ = {isa = PBXBuildFile; fileRef = 7A6BB3762050281C00A46AB3 /* Mon_Pk___MoiTests.swift */; };
		7A6BB3822050281C00A46AB3 /* Mon_Pk___MoiUITests.swift in Sources */ = {isa = PBXBuildFile; fileRef = 7A6BB3812050281C00A46AB3 /* Mon_Pk___MoiUITests.swift */; };
		7A6BB3932050285300A46AB3 /* bouton_agenda.png in Resources */ = {isa = PBXBuildFile; fileRef = 7A6BB38F2050285300A46AB3 /* bouton_agenda.png */; };
		7A6BB3942050285300A46AB3 /* bouton_information.png in Resources */ = {isa = PBXBuildFile; fileRef = 7A6BB3902050285300A46AB3 /* bouton_information.png */; };
		7A6BB3952050285300A46AB3 /* bouton_pilulier.png in Resources */ = {isa = PBXBuildFile; fileRef = 7A6BB3912050285300A46AB3 /* bouton_pilulier.png */; };
		7A6BB3962050285300A46AB3 /* bouton_traceur.png in Resources */ = {isa = PBXBuildFile; fileRef = 7A6BB3922050285300A46AB3 /* bouton_traceur.png */; };
		7A6BB39920502B4900A46AB3 /* logo.png in Resources */ = {isa = PBXBuildFile; fileRef = 7A6BB39820502B4900A46AB3 /* logo.png */; };
		7A6BB39B20502C8A00A46AB3 /* user.png in Resources */ = {isa = PBXBuildFile; fileRef = 7A6BB39A20502C8A00A46AB3 /* user.png */; };
		BC0E8AAB2059904C0086859A /* MedicamentCoreDataDAO.swift in Sources */ = {isa = PBXBuildFile; fileRef = BC0E8AAA2059904C0086859A /* MedicamentCoreDataDAO.swift */; };
		BC330327205C374700D5C42F /* MedicamentDAO.swift in Sources */ = {isa = PBXBuildFile; fileRef = BC330326205C374700D5C42F /* MedicamentDAO.swift */; };
		BC6AC2632065A3B900BC533D /* ContactExtension.swift in Sources */ = {isa = PBXBuildFile; fileRef = BC6AC2622065A3B900BC533D /* ContactExtension.swift */; };
		BC6AC2652065AC1800BC533D /* ContactCoreDataDAO.swift in Sources */ = {isa = PBXBuildFile; fileRef = BC6AC2642065AC1800BC533D /* ContactCoreDataDAO.swift */; };
		BC6AC2672065C01600BC533D /* PatientExtension.swift in Sources */ = {isa = PBXBuildFile; fileRef = BC6AC2662065C01600BC533D /* PatientExtension.swift */; };
		BC6AC2692065C31D00BC533D /* PatientCoreDataDAO.swift in Sources */ = {isa = PBXBuildFile; fileRef = BC6AC2682065C31D00BC533D /* PatientCoreDataDAO.swift */; };
		BC7B2638205E759A009BFE67 /* DataHelper.swift in Sources */ = {isa = PBXBuildFile; fileRef = BC7B2637205E7599009BFE67 /* DataHelper.swift */; };
		BC7B263A205E7E25009BFE67 /* TypeContactCoreDataDAO.swift in Sources */ = {isa = PBXBuildFile; fileRef = BC7B2639205E7E25009BFE67 /* TypeContactCoreDataDAO.swift */; };
		BC7B263C205E7EF1009BFE67 /* TypeContactDAO.swift in Sources */ = {isa = PBXBuildFile; fileRef = BC7B263B205E7EF1009BFE67 /* TypeContactDAO.swift */; };
		BC7DAA56205EF57A00E53AA2 /* EvenementDAO.swift in Sources */ = {isa = PBXBuildFile; fileRef = BC7DAA55205EF57A00E53AA2 /* EvenementDAO.swift */; };
		BC7DAA58205EF70600E53AA2 /* TraceurDAO.swift in Sources */ = {isa = PBXBuildFile; fileRef = BC7DAA57205EF70600E53AA2 /* TraceurDAO.swift */; };
		BC7DAA5A205EF78D00E53AA2 /* EvaluationDAO.swift in Sources */ = {isa = PBXBuildFile; fileRef = BC7DAA59205EF78D00E53AA2 /* EvaluationDAO.swift */; };
		BC7DAA5C205EF7AE00E53AA2 /* AvisDAO.swift in Sources */ = {isa = PBXBuildFile; fileRef = BC7DAA5B205EF7AE00E53AA2 /* AvisDAO.swift */; };
		BC7DAA5E205EF7D000E53AA2 /* TypeAvisDAO.swift in Sources */ = {isa = PBXBuildFile; fileRef = BC7DAA5D205EF7D000E53AA2 /* TypeAvisDAO.swift */; };
		BC7DAA60205EF7F600E53AA2 /* ActiviteDAO.swift in Sources */ = {isa = PBXBuildFile; fileRef = BC7DAA5F205EF7F600E53AA2 /* ActiviteDAO.swift */; };
		BC7DAA62205EF85100E53AA2 /* PriseMedicamenteuseDAO.swift in Sources */ = {isa = PBXBuildFile; fileRef = BC7DAA61205EF85100E53AA2 /* PriseMedicamenteuseDAO.swift */; };
		BC7DAA64205EF87200E53AA2 /* RDVDAO.swift in Sources */ = {isa = PBXBuildFile; fileRef = BC7DAA63205EF87200E53AA2 /* RDVDAO.swift */; };
		BC7DAA66205EF89200E53AA2 /* ContactDAO.swift in Sources */ = {isa = PBXBuildFile; fileRef = BC7DAA65205EF89200E53AA2 /* ContactDAO.swift */; };
		BC7DAA68205EF8BD00E53AA2 /* OrdonnanceDAO.swift in Sources */ = {isa = PBXBuildFile; fileRef = BC7DAA67205EF8BD00E53AA2 /* OrdonnanceDAO.swift */; };
		BC7DAA6A205EF93200E53AA2 /* PatientDAO.swift in Sources */ = {isa = PBXBuildFile; fileRef = BC7DAA69205EF93200E53AA2 /* PatientDAO.swift */; };
		BC7DAA6C205F1E7700E53AA2 /* SymptomeDAO.swift in Sources */ = {isa = PBXBuildFile; fileRef = BC7DAA6B205F1E7700E53AA2 /* SymptomeDAO.swift */; };
		BC8E5A3C2064693100DE0AD7 /* MedicamentExtension.swift in Sources */ = {isa = PBXBuildFile; fileRef = BC8E5A3B2064693100DE0AD7 /* MedicamentExtension.swift */; };
		BC8E5A3E206481DA00DE0AD7 /* TypeContactExtension.swift in Sources */ = {isa = PBXBuildFile; fileRef = BC8E5A3D206481DA00DE0AD7 /* TypeContactExtension.swift */; };
		BCCB4122205C565300AB47CA /* DialogBoxHelper.swift in Sources */ = {isa = PBXBuildFile; fileRef = BCCB4121205C565300AB47CA /* DialogBoxHelper.swift */; };
		BCCB4124205C5E3B00AB47CA /* CoreDataManager.swift in Sources */ = {isa = PBXBuildFile; fileRef = BCCB4123205C5E3B00AB47CA /* CoreDataManager.swift */; };
		BCEDEBBC205D2CBF00B4A349 /* MedicamentSeeder.swift in Sources */ = {isa = PBXBuildFile; fileRef = BCEDEBBB205D2CBF00B4A349 /* MedicamentSeeder.swift */; };
		BCEDEBC3205DCC3500B4A349 /* AbstractDAOFactory.swift in Sources */ = {isa = PBXBuildFile; fileRef = BCEDEBC2205DCC3500B4A349 /* AbstractDAOFactory.swift */; };
		BCEDEBC6205DCC9100B4A349 /* CoreDataDAOFactory.swift in Sources */ = {isa = PBXBuildFile; fileRef = BCEDEBC5205DCC9100B4A349 /* CoreDataDAOFactory.swift */; };
		BCEDEBC9205DE26A00B4A349 /* TypeContactSeeder.swift in Sources */ = {isa = PBXBuildFile; fileRef = BCEDEBC8205DE26A00B4A349 /* TypeContactSeeder.swift */; };
/* End PBXBuildFile section */

/* Begin PBXContainerItemProxy section */
		7A6BB3732050281C00A46AB3 /* PBXContainerItemProxy */ = {
			isa = PBXContainerItemProxy;
			containerPortal = 7A6BB3532050281C00A46AB3 /* Project object */;
			proxyType = 1;
			remoteGlobalIDString = 7A6BB35A2050281C00A46AB3;
			remoteInfo = "Mon Pk & Moi";
		};
		7A6BB37E2050281C00A46AB3 /* PBXContainerItemProxy */ = {
			isa = PBXContainerItemProxy;
			containerPortal = 7A6BB3532050281C00A46AB3 /* Project object */;
			proxyType = 1;
			remoteGlobalIDString = 7A6BB35A2050281C00A46AB3;
			remoteInfo = "Mon Pk & Moi";
		};
/* End PBXContainerItemProxy section */

/* Begin PBXFileReference section */
		2BA3DEE8206661A000DE1A9B /* EvenementCoreDataDAO.swift */ = {isa = PBXFileReference; fileEncoding = 4; lastKnownFileType = sourcecode.swift; path = EvenementCoreDataDAO.swift; sourceTree = "<group>"; };
		2BA3DEEA2066682100DE1A9B /* OrdonnanceExtension.swift */ = {isa = PBXFileReference; fileEncoding = 4; lastKnownFileType = sourcecode.swift; path = OrdonnanceExtension.swift; sourceTree = "<group>"; };
		2BA3DEEC20666FAF00DE1A9B /* OrdonnanceCoreDataDAO.swift */ = {isa = PBXFileReference; fileEncoding = 4; lastKnownFileType = sourcecode.swift; path = OrdonnanceCoreDataDAO.swift; sourceTree = "<group>"; };
		2BA3DEEE2066762700DE1A9B /* PriseMedicamenteuseExtension.swift */ = {isa = PBXFileReference; fileEncoding = 4; lastKnownFileType = sourcecode.swift; path = PriseMedicamenteuseExtension.swift; sourceTree = "<group>"; };
		2BA3DEF020667E8B00DE1A9B /* PriseMedicamenteuseCoreDataDAO.swift */ = {isa = PBXFileReference; fileEncoding = 4; lastKnownFileType = sourcecode.swift; path = PriseMedicamenteuseCoreDataDAO.swift; sourceTree = "<group>"; };
		2BB96A372066504800828A73 /* EvenementExtension.swift */ = {isa = PBXFileReference; fileEncoding = 4; lastKnownFileType = sourcecode.swift; path = EvenementExtension.swift; sourceTree = "<group>"; };
		7A2C29FE205429CA000EC45C /* miseAJourViewController.swift */ = {isa = PBXFileReference; fileEncoding = 4; lastKnownFileType = sourcecode.swift; name = miseAJourViewController.swift; path = ../miseAJourViewController.swift; sourceTree = "<group>"; };
		7A6BB35B2050281C00A46AB3 /* Mon Pk & Moi.app */ = {isa = PBXFileReference; explicitFileType = wrapper.application; includeInIndex = 0; path = "Mon Pk & Moi.app"; sourceTree = BUILT_PRODUCTS_DIR; };
		7A6BB35E2050281C00A46AB3 /* AppDelegate.swift */ = {isa = PBXFileReference; lastKnownFileType = sourcecode.swift; path = AppDelegate.swift; sourceTree = "<group>"; };
		7A6BB3602050281C00A46AB3 /* ViewController.swift */ = {isa = PBXFileReference; lastKnownFileType = sourcecode.swift; path = ViewController.swift; sourceTree = "<group>"; };
		7A6BB3632050281C00A46AB3 /* Base */ = {isa = PBXFileReference; lastKnownFileType = file.storyboard; name = Base; path = Base.lproj/Main.storyboard; sourceTree = "<group>"; };
		7A6BB3662050281C00A46AB3 /* Mon_Pk___Moi.xcdatamodel */ = {isa = PBXFileReference; lastKnownFileType = wrapper.xcdatamodel; path = "Mon_Pk___Moi.xcdatamodel"; sourceTree = "<group>"; };
		7A6BB3682050281C00A46AB3 /* Assets.xcassets */ = {isa = PBXFileReference; lastKnownFileType = folder.assetcatalog; path = Assets.xcassets; sourceTree = "<group>"; };
		7A6BB36B2050281C00A46AB3 /* Base */ = {isa = PBXFileReference; lastKnownFileType = file.storyboard; name = Base; path = Base.lproj/LaunchScreen.storyboard; sourceTree = "<group>"; };
		7A6BB36D2050281C00A46AB3 /* Info.plist */ = {isa = PBXFileReference; lastKnownFileType = text.plist.xml; path = Info.plist; sourceTree = "<group>"; };
		7A6BB3722050281C00A46AB3 /* Mon Pk & MoiTests.xctest */ = {isa = PBXFileReference; explicitFileType = wrapper.cfbundle; includeInIndex = 0; path = "Mon Pk & MoiTests.xctest"; sourceTree = BUILT_PRODUCTS_DIR; };
		7A6BB3762050281C00A46AB3 /* Mon_Pk___MoiTests.swift */ = {isa = PBXFileReference; lastKnownFileType = sourcecode.swift; path = "Mon_Pk___MoiTests.swift"; sourceTree = "<group>"; };
		7A6BB3782050281C00A46AB3 /* Info.plist */ = {isa = PBXFileReference; lastKnownFileType = text.plist.xml; path = Info.plist; sourceTree = "<group>"; };
		7A6BB37D2050281C00A46AB3 /* Mon Pk & MoiUITests.xctest */ = {isa = PBXFileReference; explicitFileType = wrapper.cfbundle; includeInIndex = 0; path = "Mon Pk & MoiUITests.xctest"; sourceTree = BUILT_PRODUCTS_DIR; };
		7A6BB3812050281C00A46AB3 /* Mon_Pk___MoiUITests.swift */ = {isa = PBXFileReference; lastKnownFileType = sourcecode.swift; path = "Mon_Pk___MoiUITests.swift"; sourceTree = "<group>"; };
		7A6BB3832050281C00A46AB3 /* Info.plist */ = {isa = PBXFileReference; lastKnownFileType = text.plist.xml; path = Info.plist; sourceTree = "<group>"; };
		7A6BB38F2050285300A46AB3 /* bouton_agenda.png */ = {isa = PBXFileReference; lastKnownFileType = image.png; path = bouton_agenda.png; sourceTree = "<group>"; };
		7A6BB3902050285300A46AB3 /* bouton_information.png */ = {isa = PBXFileReference; lastKnownFileType = image.png; path = bouton_information.png; sourceTree = "<group>"; };
		7A6BB3912050285300A46AB3 /* bouton_pilulier.png */ = {isa = PBXFileReference; lastKnownFileType = image.png; path = bouton_pilulier.png; sourceTree = "<group>"; };
		7A6BB3922050285300A46AB3 /* bouton_traceur.png */ = {isa = PBXFileReference; lastKnownFileType = image.png; path = bouton_traceur.png; sourceTree = "<group>"; };
		7A6BB39820502B4900A46AB3 /* logo.png */ = {isa = PBXFileReference; lastKnownFileType = image.png; path = logo.png; sourceTree = "<group>"; };
		7A6BB39A20502C8A00A46AB3 /* user.png */ = {isa = PBXFileReference; lastKnownFileType = image.png; path = user.png; sourceTree = "<group>"; };
		BC0E8AAA2059904C0086859A /* MedicamentCoreDataDAO.swift */ = {isa = PBXFileReference; fileEncoding = 4; lastKnownFileType = sourcecode.swift; path = MedicamentCoreDataDAO.swift; sourceTree = "<group>"; };
		BC330326205C374700D5C42F /* MedicamentDAO.swift */ = {isa = PBXFileReference; fileEncoding = 4; lastKnownFileType = sourcecode.swift; path = MedicamentDAO.swift; sourceTree = "<group>"; };
		BC6AC2622065A3B900BC533D /* ContactExtension.swift */ = {isa = PBXFileReference; fileEncoding = 4; lastKnownFileType = sourcecode.swift; path = ContactExtension.swift; sourceTree = "<group>"; };
		BC6AC2642065AC1800BC533D /* ContactCoreDataDAO.swift */ = {isa = PBXFileReference; fileEncoding = 4; lastKnownFileType = sourcecode.swift; path = ContactCoreDataDAO.swift; sourceTree = "<group>"; };
		BC6AC2662065C01600BC533D /* PatientExtension.swift */ = {isa = PBXFileReference; fileEncoding = 4; lastKnownFileType = sourcecode.swift; path = PatientExtension.swift; sourceTree = "<group>"; };
		BC6AC2682065C31D00BC533D /* PatientCoreDataDAO.swift */ = {isa = PBXFileReference; fileEncoding = 4; lastKnownFileType = sourcecode.swift; path = PatientCoreDataDAO.swift; sourceTree = "<group>"; };
		BC7B2637205E7599009BFE67 /* DataHelper.swift */ = {isa = PBXFileReference; fileEncoding = 4; lastKnownFileType = sourcecode.swift; path = DataHelper.swift; sourceTree = "<group>"; };
		BC7B2639205E7E25009BFE67 /* TypeContactCoreDataDAO.swift */ = {isa = PBXFileReference; fileEncoding = 4; lastKnownFileType = sourcecode.swift; path = TypeContactCoreDataDAO.swift; sourceTree = "<group>"; };
		BC7B263B205E7EF1009BFE67 /* TypeContactDAO.swift */ = {isa = PBXFileReference; fileEncoding = 4; lastKnownFileType = sourcecode.swift; path = TypeContactDAO.swift; sourceTree = "<group>"; };
		BC7DAA55205EF57A00E53AA2 /* EvenementDAO.swift */ = {isa = PBXFileReference; fileEncoding = 4; lastKnownFileType = sourcecode.swift; path = EvenementDAO.swift; sourceTree = "<group>"; };
		BC7DAA57205EF70600E53AA2 /* TraceurDAO.swift */ = {isa = PBXFileReference; fileEncoding = 4; lastKnownFileType = sourcecode.swift; path = TraceurDAO.swift; sourceTree = "<group>"; };
		BC7DAA59205EF78D00E53AA2 /* EvaluationDAO.swift */ = {isa = PBXFileReference; fileEncoding = 4; lastKnownFileType = sourcecode.swift; path = EvaluationDAO.swift; sourceTree = "<group>"; };
		BC7DAA5B205EF7AE00E53AA2 /* AvisDAO.swift */ = {isa = PBXFileReference; fileEncoding = 4; lastKnownFileType = sourcecode.swift; path = AvisDAO.swift; sourceTree = "<group>"; };
		BC7DAA5D205EF7D000E53AA2 /* TypeAvisDAO.swift */ = {isa = PBXFileReference; fileEncoding = 4; lastKnownFileType = sourcecode.swift; path = TypeAvisDAO.swift; sourceTree = "<group>"; };
		BC7DAA5F205EF7F600E53AA2 /* ActiviteDAO.swift */ = {isa = PBXFileReference; fileEncoding = 4; lastKnownFileType = sourcecode.swift; path = ActiviteDAO.swift; sourceTree = "<group>"; };
		BC7DAA61205EF85100E53AA2 /* PriseMedicamenteuseDAO.swift */ = {isa = PBXFileReference; fileEncoding = 4; lastKnownFileType = sourcecode.swift; path = PriseMedicamenteuseDAO.swift; sourceTree = "<group>"; };
		BC7DAA63205EF87200E53AA2 /* RDVDAO.swift */ = {isa = PBXFileReference; fileEncoding = 4; lastKnownFileType = sourcecode.swift; path = RDVDAO.swift; sourceTree = "<group>"; };
		BC7DAA65205EF89200E53AA2 /* ContactDAO.swift */ = {isa = PBXFileReference; fileEncoding = 4; lastKnownFileType = sourcecode.swift; path = ContactDAO.swift; sourceTree = "<group>"; };
		BC7DAA67205EF8BD00E53AA2 /* OrdonnanceDAO.swift */ = {isa = PBXFileReference; fileEncoding = 4; lastKnownFileType = sourcecode.swift; path = OrdonnanceDAO.swift; sourceTree = "<group>"; };
		BC7DAA69205EF93200E53AA2 /* PatientDAO.swift */ = {isa = PBXFileReference; fileEncoding = 4; lastKnownFileType = sourcecode.swift; path = PatientDAO.swift; sourceTree = "<group>"; };
		BC7DAA6B205F1E7700E53AA2 /* SymptomeDAO.swift */ = {isa = PBXFileReference; fileEncoding = 4; lastKnownFileType = sourcecode.swift; path = SymptomeDAO.swift; sourceTree = "<group>"; };
		BC8E5A3B2064693100DE0AD7 /* MedicamentExtension.swift */ = {isa = PBXFileReference; fileEncoding = 4; lastKnownFileType = sourcecode.swift; path = MedicamentExtension.swift; sourceTree = "<group>"; };
		BC8E5A3D206481DA00DE0AD7 /* TypeContactExtension.swift */ = {isa = PBXFileReference; fileEncoding = 4; lastKnownFileType = sourcecode.swift; path = TypeContactExtension.swift; sourceTree = "<group>"; };
		BCCB4121205C565300AB47CA /* DialogBoxHelper.swift */ = {isa = PBXFileReference; fileEncoding = 4; lastKnownFileType = sourcecode.swift; path = DialogBoxHelper.swift; sourceTree = "<group>"; };
		BCCB4123205C5E3B00AB47CA /* CoreDataManager.swift */ = {isa = PBXFileReference; fileEncoding = 4; lastKnownFileType = sourcecode.swift; path = CoreDataManager.swift; sourceTree = "<group>"; };
		BCEDEBBB205D2CBF00B4A349 /* MedicamentSeeder.swift */ = {isa = PBXFileReference; fileEncoding = 4; lastKnownFileType = sourcecode.swift; path = MedicamentSeeder.swift; sourceTree = "<group>"; };
		BCEDEBC2205DCC3500B4A349 /* AbstractDAOFactory.swift */ = {isa = PBXFileReference; fileEncoding = 4; lastKnownFileType = sourcecode.swift; path = AbstractDAOFactory.swift; sourceTree = "<group>"; };
		BCEDEBC5205DCC9100B4A349 /* CoreDataDAOFactory.swift */ = {isa = PBXFileReference; fileEncoding = 4; lastKnownFileType = sourcecode.swift; path = CoreDataDAOFactory.swift; sourceTree = "<group>"; };
		BCEDEBC8205DE26A00B4A349 /* TypeContactSeeder.swift */ = {isa = PBXFileReference; fileEncoding = 4; lastKnownFileType = sourcecode.swift; path = TypeContactSeeder.swift; sourceTree = "<group>"; };
/* End PBXFileReference section */

/* Begin PBXFrameworksBuildPhase section */
		7A6BB3582050281C00A46AB3 /* Frameworks */ = {
			isa = PBXFrameworksBuildPhase;
			buildActionMask = 2147483647;
			files = (
			);
			runOnlyForDeploymentPostprocessing = 0;
		};
		7A6BB36F2050281C00A46AB3 /* Frameworks */ = {
			isa = PBXFrameworksBuildPhase;
			buildActionMask = 2147483647;
			files = (
			);
			runOnlyForDeploymentPostprocessing = 0;
		};
		7A6BB37A2050281C00A46AB3 /* Frameworks */ = {
			isa = PBXFrameworksBuildPhase;
			buildActionMask = 2147483647;
			files = (
			);
			runOnlyForDeploymentPostprocessing = 0;
		};
/* End PBXFrameworksBuildPhase section */

/* Begin PBXGroup section */
		7A6BB3522050281C00A46AB3 = {
			isa = PBXGroup;
			children = (
				7A6BB35D2050281C00A46AB3 /* Mon Pk & Moi */,
				7A6BB3752050281C00A46AB3 /* Mon Pk & MoiTests */,
				7A6BB3802050281C00A46AB3 /* Mon Pk & MoiUITests */,
				7A6BB35C2050281C00A46AB3 /* Products */,
			);
			sourceTree = "<group>";
		};
		7A6BB35C2050281C00A46AB3 /* Products */ = {
			isa = PBXGroup;
			children = (
				7A6BB35B2050281C00A46AB3 /* Mon Pk & Moi.app */,
				7A6BB3722050281C00A46AB3 /* Mon Pk & MoiTests.xctest */,
				7A6BB37D2050281C00A46AB3 /* Mon Pk & MoiUITests.xctest */,
			);
			name = Products;
			sourceTree = "<group>";
		};
		7A6BB35D2050281C00A46AB3 /* Mon Pk & Moi */ = {
			isa = PBXGroup;
			children = (
				BC8E5A3A2064689D00DE0AD7 /* Model */,
				BCEDEBBD205D7DA100B4A349 /* Factory */,
				BCEDEBBA205D2C7800B4A349 /* Seeders */,
				BCCB4120205C557600AB47CA /* Helpers */,
				7A6BB3972050285B00A46AB3 /* images */,
				7A6BB35E2050281C00A46AB3 /* AppDelegate.swift */,
				7A2C29FE205429CA000EC45C /* miseAJourViewController.swift */,
				7A6BB3602050281C00A46AB3 /* ViewController.swift */,
				7A6BB3622050281C00A46AB3 /* Main.storyboard */,
				7A6BB3682050281C00A46AB3 /* Assets.xcassets */,
				BC330325205C372A00D5C42F /* DAO */,
				7A6BB36A2050281C00A46AB3 /* LaunchScreen.storyboard */,
				7A6BB36D2050281C00A46AB3 /* Info.plist */,
				7A6BB3652050281C00A46AB3 /* Mon_Pk___Moi.xcdatamodeld */,
			);
			path = "Mon Pk & Moi";
			sourceTree = "<group>";
		};
		7A6BB3752050281C00A46AB3 /* Mon Pk & MoiTests */ = {
			isa = PBXGroup;
			children = (
				7A6BB3762050281C00A46AB3 /* Mon_Pk___MoiTests.swift */,
				7A6BB3782050281C00A46AB3 /* Info.plist */,
			);
			path = "Mon Pk & MoiTests";
			sourceTree = "<group>";
		};
		7A6BB3802050281C00A46AB3 /* Mon Pk & MoiUITests */ = {
			isa = PBXGroup;
			children = (
				7A6BB3812050281C00A46AB3 /* Mon_Pk___MoiUITests.swift */,
				7A6BB3832050281C00A46AB3 /* Info.plist */,
			);
			path = "Mon Pk & MoiUITests";
			sourceTree = "<group>";
		};
		7A6BB3972050285B00A46AB3 /* images */ = {
			isa = PBXGroup;
			children = (
				7A6BB39A20502C8A00A46AB3 /* user.png */,
				7A6BB39820502B4900A46AB3 /* logo.png */,
				7A6BB38F2050285300A46AB3 /* bouton_agenda.png */,
				7A6BB3902050285300A46AB3 /* bouton_information.png */,
				7A6BB3912050285300A46AB3 /* bouton_pilulier.png */,
				7A6BB3922050285300A46AB3 /* bouton_traceur.png */,
			);
			name = images;
			sourceTree = "<group>";
		};
		BC330325205C372A00D5C42F /* DAO */ = {
			isa = PBXGroup;
			children = (
				BCEDEBC7205DCE0500B4A349 /* CoreDataDAO */,
				BC7DAA5F205EF7F600E53AA2 /* ActiviteDAO.swift */,
				BC7DAA5B205EF7AE00E53AA2 /* AvisDAO.swift */,
				BC7DAA65205EF89200E53AA2 /* ContactDAO.swift */,
				BC7DAA59205EF78D00E53AA2 /* EvaluationDAO.swift */,
				BC7DAA55205EF57A00E53AA2 /* EvenementDAO.swift */,
				BC330326205C374700D5C42F /* MedicamentDAO.swift */,
				BC7DAA67205EF8BD00E53AA2 /* OrdonnanceDAO.swift */,
				BC7DAA69205EF93200E53AA2 /* PatientDAO.swift */,
				BC7DAA61205EF85100E53AA2 /* PriseMedicamenteuseDAO.swift */,
				BC7DAA63205EF87200E53AA2 /* RDVDAO.swift */,
				BC7DAA57205EF70600E53AA2 /* TraceurDAO.swift */,
				BC7DAA5D205EF7D000E53AA2 /* TypeAvisDAO.swift */,
				BC7B263B205E7EF1009BFE67 /* TypeContactDAO.swift */,
				BC7DAA6B205F1E7700E53AA2 /* SymptomeDAO.swift */,
			);
			name = DAO;
			sourceTree = "<group>";
		};
		BC8E5A3A2064689D00DE0AD7 /* Model */ = {
			isa = PBXGroup;
			children = (
				BC8E5A3B2064693100DE0AD7 /* MedicamentExtension.swift */,
				BC8E5A3D206481DA00DE0AD7 /* TypeContactExtension.swift */,
				BC6AC2622065A3B900BC533D /* ContactExtension.swift */,
				BC6AC2662065C01600BC533D /* PatientExtension.swift */,
				2BB96A372066504800828A73 /* EvenementExtension.swift */,
				2BA3DEEA2066682100DE1A9B /* OrdonnanceExtension.swift */,
				2BA3DEEE2066762700DE1A9B /* PriseMedicamenteuseExtension.swift */,
			);
			name = Model;
			sourceTree = "<group>";
		};
		BCCB4120205C557600AB47CA /* Helpers */ = {
			isa = PBXGroup;
			children = (
				BCCB4121205C565300AB47CA /* DialogBoxHelper.swift */,
				BCCB4123205C5E3B00AB47CA /* CoreDataManager.swift */,
				BC7B2637205E7599009BFE67 /* DataHelper.swift */,
			);
			name = Helpers;
			sourceTree = "<group>";
		};
		BCEDEBBA205D2C7800B4A349 /* Seeders */ = {
			isa = PBXGroup;
			children = (
				BCEDEBBB205D2CBF00B4A349 /* MedicamentSeeder.swift */,
				BCEDEBC8205DE26A00B4A349 /* TypeContactSeeder.swift */,
			);
			name = Seeders;
			sourceTree = "<group>";
		};
		BCEDEBBD205D7DA100B4A349 /* Factory */ = {
			isa = PBXGroup;
			children = (
				BCEDEBC4205DCC7000B4A349 /* CoreDataFactory */,
				BCEDEBC2205DCC3500B4A349 /* AbstractDAOFactory.swift */,
			);
			name = Factory;
			sourceTree = "<group>";
		};
		BCEDEBC4205DCC7000B4A349 /* CoreDataFactory */ = {
			isa = PBXGroup;
			children = (
				BCEDEBC5205DCC9100B4A349 /* CoreDataDAOFactory.swift */,
			);
			name = CoreDataFactory;
			sourceTree = "<group>";
		};
		BCEDEBC7205DCE0500B4A349 /* CoreDataDAO */ = {
			isa = PBXGroup;
			children = (
				BC0E8AAA2059904C0086859A /* MedicamentCoreDataDAO.swift */,
				BC7B2639205E7E25009BFE67 /* TypeContactCoreDataDAO.swift */,
				BC6AC2642065AC1800BC533D /* ContactCoreDataDAO.swift */,
				BC6AC2682065C31D00BC533D /* PatientCoreDataDAO.swift */,
				2BA3DEE8206661A000DE1A9B /* EvenementCoreDataDAO.swift */,
				2BA3DEEC20666FAF00DE1A9B /* OrdonnanceCoreDataDAO.swift */,
				2BA3DEF020667E8B00DE1A9B /* PriseMedicamenteuseCoreDataDAO.swift */,
			);
			name = CoreDataDAO;
			sourceTree = "<group>";
		};
/* End PBXGroup section */

/* Begin PBXNativeTarget section */
		7A6BB35A2050281C00A46AB3 /* Mon Pk & Moi */ = {
			isa = PBXNativeTarget;
			buildConfigurationList = 7A6BB3862050281C00A46AB3 /* Build configuration list for PBXNativeTarget "Mon Pk & Moi" */;
			buildPhases = (
				7A6BB3572050281C00A46AB3 /* Sources */,
				7A6BB3582050281C00A46AB3 /* Frameworks */,
				7A6BB3592050281C00A46AB3 /* Resources */,
			);
			buildRules = (
			);
			dependencies = (
			);
			name = "Mon Pk & Moi";
			productName = "Mon Pk & Moi";
			productReference = 7A6BB35B2050281C00A46AB3 /* Mon Pk & Moi.app */;
			productType = "com.apple.product-type.application";
		};
		7A6BB3712050281C00A46AB3 /* Mon Pk & MoiTests */ = {
			isa = PBXNativeTarget;
			buildConfigurationList = 7A6BB3892050281C00A46AB3 /* Build configuration list for PBXNativeTarget "Mon Pk & MoiTests" */;
			buildPhases = (
				7A6BB36E2050281C00A46AB3 /* Sources */,
				7A6BB36F2050281C00A46AB3 /* Frameworks */,
				7A6BB3702050281C00A46AB3 /* Resources */,
			);
			buildRules = (
			);
			dependencies = (
				7A6BB3742050281C00A46AB3 /* PBXTargetDependency */,
			);
			name = "Mon Pk & MoiTests";
			productName = "Mon Pk & MoiTests";
			productReference = 7A6BB3722050281C00A46AB3 /* Mon Pk & MoiTests.xctest */;
			productType = "com.apple.product-type.bundle.unit-test";
		};
		7A6BB37C2050281C00A46AB3 /* Mon Pk & MoiUITests */ = {
			isa = PBXNativeTarget;
			buildConfigurationList = 7A6BB38C2050281C00A46AB3 /* Build configuration list for PBXNativeTarget "Mon Pk & MoiUITests" */;
			buildPhases = (
				7A6BB3792050281C00A46AB3 /* Sources */,
				7A6BB37A2050281C00A46AB3 /* Frameworks */,
				7A6BB37B2050281C00A46AB3 /* Resources */,
			);
			buildRules = (
			);
			dependencies = (
				7A6BB37F2050281C00A46AB3 /* PBXTargetDependency */,
			);
			name = "Mon Pk & MoiUITests";
			productName = "Mon Pk & MoiUITests";
			productReference = 7A6BB37D2050281C00A46AB3 /* Mon Pk & MoiUITests.xctest */;
			productType = "com.apple.product-type.bundle.ui-testing";
		};
/* End PBXNativeTarget section */

/* Begin PBXProject section */
		7A6BB3532050281C00A46AB3 /* Project object */ = {
			isa = PBXProject;
			attributes = {
				LastSwiftUpdateCheck = 0820;
				LastUpgradeCheck = 0820;
				ORGANIZATIONNAME = romain;
				TargetAttributes = {
					7A6BB35A2050281C00A46AB3 = {
						CreatedOnToolsVersion = 8.2.1;
						ProvisioningStyle = Automatic;
					};
					7A6BB3712050281C00A46AB3 = {
						CreatedOnToolsVersion = 8.2.1;
						ProvisioningStyle = Automatic;
						TestTargetID = 7A6BB35A2050281C00A46AB3;
					};
					7A6BB37C2050281C00A46AB3 = {
						CreatedOnToolsVersion = 8.2.1;
						ProvisioningStyle = Automatic;
						TestTargetID = 7A6BB35A2050281C00A46AB3;
					};
				};
			};
			buildConfigurationList = 7A6BB3562050281C00A46AB3 /* Build configuration list for PBXProject "Mon Pk & Moi" */;
			compatibilityVersion = "Xcode 3.2";
			developmentRegion = English;
			hasScannedForEncodings = 0;
			knownRegions = (
				en,
				Base,
			);
			mainGroup = 7A6BB3522050281C00A46AB3;
			productRefGroup = 7A6BB35C2050281C00A46AB3 /* Products */;
			projectDirPath = "";
			projectRoot = "";
			targets = (
				7A6BB35A2050281C00A46AB3 /* Mon Pk & Moi */,
				7A6BB3712050281C00A46AB3 /* Mon Pk & MoiTests */,
				7A6BB37C2050281C00A46AB3 /* Mon Pk & MoiUITests */,
			);
		};
/* End PBXProject section */

/* Begin PBXResourcesBuildPhase section */
		7A6BB3592050281C00A46AB3 /* Resources */ = {
			isa = PBXResourcesBuildPhase;
			buildActionMask = 2147483647;
			files = (
				7A6BB36C2050281C00A46AB3 /* LaunchScreen.storyboard in Resources */,
				7A6BB3692050281C00A46AB3 /* Assets.xcassets in Resources */,
				7A6BB39B20502C8A00A46AB3 /* user.png in Resources */,
				7A6BB3952050285300A46AB3 /* bouton_pilulier.png in Resources */,
				7A6BB3942050285300A46AB3 /* bouton_information.png in Resources */,
				7A6BB39920502B4900A46AB3 /* logo.png in Resources */,
				7A6BB3932050285300A46AB3 /* bouton_agenda.png in Resources */,
				7A6BB3962050285300A46AB3 /* bouton_traceur.png in Resources */,
				7A6BB3642050281C00A46AB3 /* Main.storyboard in Resources */,
			);
			runOnlyForDeploymentPostprocessing = 0;
		};
		7A6BB3702050281C00A46AB3 /* Resources */ = {
			isa = PBXResourcesBuildPhase;
			buildActionMask = 2147483647;
			files = (
			);
			runOnlyForDeploymentPostprocessing = 0;
		};
		7A6BB37B2050281C00A46AB3 /* Resources */ = {
			isa = PBXResourcesBuildPhase;
			buildActionMask = 2147483647;
			files = (
			);
			runOnlyForDeploymentPostprocessing = 0;
		};
/* End PBXResourcesBuildPhase section */

/* Begin PBXSourcesBuildPhase section */
		7A6BB3572050281C00A46AB3 /* Sources */ = {
			isa = PBXSourcesBuildPhase;
			buildActionMask = 2147483647;
			files = (
				BC7DAA66205EF89200E53AA2 /* ContactDAO.swift in Sources */,
				BC6AC2652065AC1800BC533D /* ContactCoreDataDAO.swift in Sources */,
				BC7DAA56205EF57A00E53AA2 /* EvenementDAO.swift in Sources */,
				BC6AC2672065C01600BC533D /* PatientExtension.swift in Sources */,
				BC7DAA6A205EF93200E53AA2 /* PatientDAO.swift in Sources */,
				BC6AC2692065C31D00BC533D /* PatientCoreDataDAO.swift in Sources */,
				BC7B263C205E7EF1009BFE67 /* TypeContactDAO.swift in Sources */,
				BCEDEBBC205D2CBF00B4A349 /* MedicamentSeeder.swift in Sources */,
				2BA3DEED20666FAF00DE1A9B /* OrdonnanceCoreDataDAO.swift in Sources */,
				BC7DAA5C205EF7AE00E53AA2 /* AvisDAO.swift in Sources */,
				BC0E8AAB2059904C0086859A /* MedicamentCoreDataDAO.swift in Sources */,
				BC7B2638205E759A009BFE67 /* DataHelper.swift in Sources */,
				BC7DAA64205EF87200E53AA2 /* RDVDAO.swift in Sources */,
				2BA3DEEB2066682100DE1A9B /* OrdonnanceExtension.swift in Sources */,
				BC7DAA68205EF8BD00E53AA2 /* OrdonnanceDAO.swift in Sources */,
				BC7DAA60205EF7F600E53AA2 /* ActiviteDAO.swift in Sources */,
				BC7B263A205E7E25009BFE67 /* TypeContactCoreDataDAO.swift in Sources */,
				2BB96A382066504800828A73 /* EvenementExtension.swift in Sources */,
				7A6BB3612050281C00A46AB3 /* ViewController.swift in Sources */,
				BCEDEBC6205DCC9100B4A349 /* CoreDataDAOFactory.swift in Sources */,
				BCCB4124205C5E3B00AB47CA /* CoreDataManager.swift in Sources */,
				BC8E5A3E206481DA00DE0AD7 /* TypeContactExtension.swift in Sources */,
				7A6BB3672050281C00A46AB3 /* Mon_Pk___Moi.xcdatamodeld in Sources */,
				BC8E5A3C2064693100DE0AD7 /* MedicamentExtension.swift in Sources */,
				BCEDEBC9205DE26A00B4A349 /* TypeContactSeeder.swift in Sources */,
				BC7DAA6C205F1E7700E53AA2 /* SymptomeDAO.swift in Sources */,
				2BA3DEF120667E8B00DE1A9B /* PriseMedicamenteuseCoreDataDAO.swift in Sources */,
				BC6AC2632065A3B900BC533D /* ContactExtension.swift in Sources */,
				7A2C29FF205429CA000EC45C /* miseAJourViewController.swift in Sources */,
				BCEDEBC3205DCC3500B4A349 /* AbstractDAOFactory.swift in Sources */,
				BCCB4122205C565300AB47CA /* DialogBoxHelper.swift in Sources */,
				BC7DAA5E205EF7D000E53AA2 /* TypeAvisDAO.swift in Sources */,
				BC7DAA62205EF85100E53AA2 /* PriseMedicamenteuseDAO.swift in Sources */,
				2BA3DEEF2066762700DE1A9B /* PriseMedicamenteuseExtension.swift in Sources */,
				BC7DAA58205EF70600E53AA2 /* TraceurDAO.swift in Sources */,
				7A6BB35F2050281C00A46AB3 /* AppDelegate.swift in Sources */,
				2BA3DEE9206661A000DE1A9B /* EvenementCoreDataDAO.swift in Sources */,
				BC330327205C374700D5C42F /* MedicamentDAO.swift in Sources */,
				BC7DAA5A205EF78D00E53AA2 /* EvaluationDAO.swift in Sources */,
			);
			runOnlyForDeploymentPostprocessing = 0;
		};
		7A6BB36E2050281C00A46AB3 /* Sources */ = {
			isa = PBXSourcesBuildPhase;
			buildActionMask = 2147483647;
			files = (
				7A6BB3772050281C00A46AB3 /* Mon_Pk___MoiTests.swift in Sources */,
			);
			runOnlyForDeploymentPostprocessing = 0;
		};
		7A6BB3792050281C00A46AB3 /* Sources */ = {
			isa = PBXSourcesBuildPhase;
			buildActionMask = 2147483647;
			files = (
				7A6BB3822050281C00A46AB3 /* Mon_Pk___MoiUITests.swift in Sources */,
			);
			runOnlyForDeploymentPostprocessing = 0;
		};
/* End PBXSourcesBuildPhase section */

/* Begin PBXTargetDependency section */
		7A6BB3742050281C00A46AB3 /* PBXTargetDependency */ = {
			isa = PBXTargetDependency;
			target = 7A6BB35A2050281C00A46AB3 /* Mon Pk & Moi */;
			targetProxy = 7A6BB3732050281C00A46AB3 /* PBXContainerItemProxy */;
		};
		7A6BB37F2050281C00A46AB3 /* PBXTargetDependency */ = {
			isa = PBXTargetDependency;
			target = 7A6BB35A2050281C00A46AB3 /* Mon Pk & Moi */;
			targetProxy = 7A6BB37E2050281C00A46AB3 /* PBXContainerItemProxy */;
		};
/* End PBXTargetDependency section */

/* Begin PBXVariantGroup section */
		7A6BB3622050281C00A46AB3 /* Main.storyboard */ = {
			isa = PBXVariantGroup;
			children = (
				7A6BB3632050281C00A46AB3 /* Base */,
			);
			name = Main.storyboard;
			sourceTree = "<group>";
		};
		7A6BB36A2050281C00A46AB3 /* LaunchScreen.storyboard */ = {
			isa = PBXVariantGroup;
			children = (
				7A6BB36B2050281C00A46AB3 /* Base */,
			);
			name = LaunchScreen.storyboard;
			sourceTree = "<group>";
		};
/* End PBXVariantGroup section */

/* Begin XCBuildConfiguration section */
		7A6BB3842050281C00A46AB3 /* Debug */ = {
			isa = XCBuildConfiguration;
			buildSettings = {
				ALWAYS_SEARCH_USER_PATHS = NO;
				CLANG_ANALYZER_NONNULL = YES;
				CLANG_CXX_LANGUAGE_STANDARD = "gnu++0x";
				CLANG_CXX_LIBRARY = "libc++";
				CLANG_ENABLE_MODULES = YES;
				CLANG_ENABLE_OBJC_ARC = YES;
				CLANG_WARN_BOOL_CONVERSION = YES;
				CLANG_WARN_CONSTANT_CONVERSION = YES;
				CLANG_WARN_DIRECT_OBJC_ISA_USAGE = YES_ERROR;
				CLANG_WARN_DOCUMENTATION_COMMENTS = YES;
				CLANG_WARN_EMPTY_BODY = YES;
				CLANG_WARN_ENUM_CONVERSION = YES;
				CLANG_WARN_INFINITE_RECURSION = YES;
				CLANG_WARN_INT_CONVERSION = YES;
				CLANG_WARN_OBJC_ROOT_CLASS = YES_ERROR;
				CLANG_WARN_SUSPICIOUS_MOVE = YES;
				CLANG_WARN_UNREACHABLE_CODE = YES;
				CLANG_WARN__DUPLICATE_METHOD_MATCH = YES;
				"CODE_SIGN_IDENTITY[sdk=iphoneos*]" = "iPhone Developer";
				COPY_PHASE_STRIP = NO;
				DEBUG_INFORMATION_FORMAT = dwarf;
				ENABLE_STRICT_OBJC_MSGSEND = YES;
				ENABLE_TESTABILITY = YES;
				GCC_C_LANGUAGE_STANDARD = gnu99;
				GCC_DYNAMIC_NO_PIC = NO;
				GCC_NO_COMMON_BLOCKS = YES;
				GCC_OPTIMIZATION_LEVEL = 0;
				GCC_PREPROCESSOR_DEFINITIONS = (
					"DEBUG=1",
					"$(inherited)",
				);
				GCC_WARN_64_TO_32_BIT_CONVERSION = YES;
				GCC_WARN_ABOUT_RETURN_TYPE = YES_ERROR;
				GCC_WARN_UNDECLARED_SELECTOR = YES;
				GCC_WARN_UNINITIALIZED_AUTOS = YES_AGGRESSIVE;
				GCC_WARN_UNUSED_FUNCTION = YES;
				GCC_WARN_UNUSED_VARIABLE = YES;
				IPHONEOS_DEPLOYMENT_TARGET = 10.2;
				MTL_ENABLE_DEBUG_INFO = YES;
				ONLY_ACTIVE_ARCH = YES;
				SDKROOT = iphoneos;
				SWIFT_ACTIVE_COMPILATION_CONDITIONS = DEBUG;
				SWIFT_OPTIMIZATION_LEVEL = "-Onone";
				TARGETED_DEVICE_FAMILY = "1,2";
			};
			name = Debug;
		};
		7A6BB3852050281C00A46AB3 /* Release */ = {
			isa = XCBuildConfiguration;
			buildSettings = {
				ALWAYS_SEARCH_USER_PATHS = NO;
				CLANG_ANALYZER_NONNULL = YES;
				CLANG_CXX_LANGUAGE_STANDARD = "gnu++0x";
				CLANG_CXX_LIBRARY = "libc++";
				CLANG_ENABLE_MODULES = YES;
				CLANG_ENABLE_OBJC_ARC = YES;
				CLANG_WARN_BOOL_CONVERSION = YES;
				CLANG_WARN_CONSTANT_CONVERSION = YES;
				CLANG_WARN_DIRECT_OBJC_ISA_USAGE = YES_ERROR;
				CLANG_WARN_DOCUMENTATION_COMMENTS = YES;
				CLANG_WARN_EMPTY_BODY = YES;
				CLANG_WARN_ENUM_CONVERSION = YES;
				CLANG_WARN_INFINITE_RECURSION = YES;
				CLANG_WARN_INT_CONVERSION = YES;
				CLANG_WARN_OBJC_ROOT_CLASS = YES_ERROR;
				CLANG_WARN_SUSPICIOUS_MOVE = YES;
				CLANG_WARN_UNREACHABLE_CODE = YES;
				CLANG_WARN__DUPLICATE_METHOD_MATCH = YES;
				"CODE_SIGN_IDENTITY[sdk=iphoneos*]" = "iPhone Developer";
				COPY_PHASE_STRIP = NO;
				DEBUG_INFORMATION_FORMAT = "dwarf-with-dsym";
				ENABLE_NS_ASSERTIONS = NO;
				ENABLE_STRICT_OBJC_MSGSEND = YES;
				GCC_C_LANGUAGE_STANDARD = gnu99;
				GCC_NO_COMMON_BLOCKS = YES;
				GCC_WARN_64_TO_32_BIT_CONVERSION = YES;
				GCC_WARN_ABOUT_RETURN_TYPE = YES_ERROR;
				GCC_WARN_UNDECLARED_SELECTOR = YES;
				GCC_WARN_UNINITIALIZED_AUTOS = YES_AGGRESSIVE;
				GCC_WARN_UNUSED_FUNCTION = YES;
				GCC_WARN_UNUSED_VARIABLE = YES;
				IPHONEOS_DEPLOYMENT_TARGET = 10.2;
				MTL_ENABLE_DEBUG_INFO = NO;
				SDKROOT = iphoneos;
				SWIFT_OPTIMIZATION_LEVEL = "-Owholemodule";
				TARGETED_DEVICE_FAMILY = "1,2";
				VALIDATE_PRODUCT = YES;
			};
			name = Release;
		};
		7A6BB3872050281C00A46AB3 /* Debug */ = {
			isa = XCBuildConfiguration;
			buildSettings = {
				ASSETCATALOG_COMPILER_APPICON_NAME = AppIcon;
				INFOPLIST_FILE = "Mon Pk & Moi/Info.plist";
				LD_RUNPATH_SEARCH_PATHS = "$(inherited) @executable_path/Frameworks";
				PRODUCT_BUNDLE_IDENTIFIER = "projet.Mon-Pk---Moi";
				PRODUCT_NAME = "$(TARGET_NAME)";
				SWIFT_VERSION = 3.0;
			};
			name = Debug;
		};
		7A6BB3882050281C00A46AB3 /* Release */ = {
			isa = XCBuildConfiguration;
			buildSettings = {
				ASSETCATALOG_COMPILER_APPICON_NAME = AppIcon;
				INFOPLIST_FILE = "Mon Pk & Moi/Info.plist";
				LD_RUNPATH_SEARCH_PATHS = "$(inherited) @executable_path/Frameworks";
				PRODUCT_BUNDLE_IDENTIFIER = "projet.Mon-Pk---Moi";
				PRODUCT_NAME = "$(TARGET_NAME)";
				SWIFT_VERSION = 3.0;
			};
			name = Release;
		};
		7A6BB38A2050281C00A46AB3 /* Debug */ = {
			isa = XCBuildConfiguration;
			buildSettings = {
				ALWAYS_EMBED_SWIFT_STANDARD_LIBRARIES = YES;
				BUNDLE_LOADER = "$(TEST_HOST)";
				INFOPLIST_FILE = "Mon Pk & MoiTests/Info.plist";
				LD_RUNPATH_SEARCH_PATHS = "$(inherited) @executable_path/Frameworks @loader_path/Frameworks";
				PRODUCT_BUNDLE_IDENTIFIER = "projet.Mon-Pk---MoiTests";
				PRODUCT_NAME = "$(TARGET_NAME)";
				SWIFT_VERSION = 3.0;
				TEST_HOST = "$(BUILT_PRODUCTS_DIR)/Mon Pk & Moi.app/Mon Pk & Moi";
			};
			name = Debug;
		};
		7A6BB38B2050281C00A46AB3 /* Release */ = {
			isa = XCBuildConfiguration;
			buildSettings = {
				ALWAYS_EMBED_SWIFT_STANDARD_LIBRARIES = YES;
				BUNDLE_LOADER = "$(TEST_HOST)";
				INFOPLIST_FILE = "Mon Pk & MoiTests/Info.plist";
				LD_RUNPATH_SEARCH_PATHS = "$(inherited) @executable_path/Frameworks @loader_path/Frameworks";
				PRODUCT_BUNDLE_IDENTIFIER = "projet.Mon-Pk---MoiTests";
				PRODUCT_NAME = "$(TARGET_NAME)";
				SWIFT_VERSION = 3.0;
				TEST_HOST = "$(BUILT_PRODUCTS_DIR)/Mon Pk & Moi.app/Mon Pk & Moi";
			};
			name = Release;
		};
		7A6BB38D2050281C00A46AB3 /* Debug */ = {
			isa = XCBuildConfiguration;
			buildSettings = {
				ALWAYS_EMBED_SWIFT_STANDARD_LIBRARIES = YES;
				INFOPLIST_FILE = "Mon Pk & MoiUITests/Info.plist";
				LD_RUNPATH_SEARCH_PATHS = "$(inherited) @executable_path/Frameworks @loader_path/Frameworks";
				PRODUCT_BUNDLE_IDENTIFIER = "projet.Mon-Pk---MoiUITests";
				PRODUCT_NAME = "$(TARGET_NAME)";
				SWIFT_VERSION = 3.0;
				TEST_TARGET_NAME = "Mon Pk & Moi";
			};
			name = Debug;
		};
		7A6BB38E2050281C00A46AB3 /* Release */ = {
			isa = XCBuildConfiguration;
			buildSettings = {
				ALWAYS_EMBED_SWIFT_STANDARD_LIBRARIES = YES;
				INFOPLIST_FILE = "Mon Pk & MoiUITests/Info.plist";
				LD_RUNPATH_SEARCH_PATHS = "$(inherited) @executable_path/Frameworks @loader_path/Frameworks";
				PRODUCT_BUNDLE_IDENTIFIER = "projet.Mon-Pk---MoiUITests";
				PRODUCT_NAME = "$(TARGET_NAME)";
				SWIFT_VERSION = 3.0;
				TEST_TARGET_NAME = "Mon Pk & Moi";
			};
			name = Release;
		};
/* End XCBuildConfiguration section */

/* Begin XCConfigurationList section */
		7A6BB3562050281C00A46AB3 /* Build configuration list for PBXProject "Mon Pk & Moi" */ = {
			isa = XCConfigurationList;
			buildConfigurations = (
				7A6BB3842050281C00A46AB3 /* Debug */,
				7A6BB3852050281C00A46AB3 /* Release */,
			);
			defaultConfigurationIsVisible = 0;
			defaultConfigurationName = Release;
		};
		7A6BB3862050281C00A46AB3 /* Build configuration list for PBXNativeTarget "Mon Pk & Moi" */ = {
			isa = XCConfigurationList;
			buildConfigurations = (
				7A6BB3872050281C00A46AB3 /* Debug */,
				7A6BB3882050281C00A46AB3 /* Release */,
			);
			defaultConfigurationIsVisible = 0;
			defaultConfigurationName = Release;
		};
		7A6BB3892050281C00A46AB3 /* Build configuration list for PBXNativeTarget "Mon Pk & MoiTests" */ = {
			isa = XCConfigurationList;
			buildConfigurations = (
				7A6BB38A2050281C00A46AB3 /* Debug */,
				7A6BB38B2050281C00A46AB3 /* Release */,
			);
			defaultConfigurationIsVisible = 0;
			defaultConfigurationName = Release;
		};
		7A6BB38C2050281C00A46AB3 /* Build configuration list for PBXNativeTarget "Mon Pk & MoiUITests" */ = {
			isa = XCConfigurationList;
			buildConfigurations = (
				7A6BB38D2050281C00A46AB3 /* Debug */,
				7A6BB38E2050281C00A46AB3 /* Release */,
			);
			defaultConfigurationIsVisible = 0;
			defaultConfigurationName = Release;
		};
/* End XCConfigurationList section */

/* Begin XCVersionGroup section */
		7A6BB3652050281C00A46AB3 /* Mon_Pk___Moi.xcdatamodeld */ = {
			isa = XCVersionGroup;
			children = (
				7A6BB3662050281C00A46AB3 /* Mon_Pk___Moi.xcdatamodel */,
			);
			currentVersion = 7A6BB3662050281C00A46AB3 /* Mon_Pk___Moi.xcdatamodel */;
			path = "Mon_Pk___Moi.xcdatamodeld";
			sourceTree = "<group>";
			versionGroupType = wrapper.xcdatamodel;
		};
/* End XCVersionGroup section */
	};
	rootObject = 7A6BB3532050281C00A46AB3 /* Project object */;
}
