// !$*UTF8*$!
{
	archiveVersion = 1;
	classes = {
	};
	objectVersion = 46;
	objects = {

/* Begin PBXBuildFile section */
		2BEDF753206A41BE0099FCD2 /* MedicamentExtension.swift in Sources */ = {isa = PBXBuildFile; fileRef = 2BEDF752206A41BE0099FCD2 /* MedicamentExtension.swift */; };
		2BEDF755206A41DA0099FCD2 /* TypeContactExtension.swift in Sources */ = {isa = PBXBuildFile; fileRef = 2BEDF754206A41DA0099FCD2 /* TypeContactExtension.swift */; };
		2BEDF757206A41F10099FCD2 /* ContactExtension.swift in Sources */ = {isa = PBXBuildFile; fileRef = 2BEDF756206A41F10099FCD2 /* ContactExtension.swift */; };
		2BEDF759206A42030099FCD2 /* PatientExtension.swift in Sources */ = {isa = PBXBuildFile; fileRef = 2BEDF758206A42030099FCD2 /* PatientExtension.swift */; };
		2BEDF75B206A42130099FCD2 /* EvenementExtension.swift in Sources */ = {isa = PBXBuildFile; fileRef = 2BEDF75A206A42130099FCD2 /* EvenementExtension.swift */; };
		2BEDF75D206A42260099FCD2 /* OrdonnanceExtension.swift in Sources */ = {isa = PBXBuildFile; fileRef = 2BEDF75C206A42260099FCD2 /* OrdonnanceExtension.swift */; };
		2BEDF75F206A423D0099FCD2 /* PriseMedicamenteuseExtension.swift in Sources */ = {isa = PBXBuildFile; fileRef = 2BEDF75E206A423D0099FCD2 /* PriseMedicamenteuseExtension.swift */; };
		2BEDF761206A424E0099FCD2 /* ActiviteExtension.swift in Sources */ = {isa = PBXBuildFile; fileRef = 2BEDF760206A424E0099FCD2 /* ActiviteExtension.swift */; };
		2BEDF763206A42600099FCD2 /* RDVExtension.swift in Sources */ = {isa = PBXBuildFile; fileRef = 2BEDF762206A42600099FCD2 /* RDVExtension.swift */; };
		2BEDF765206A42710099FCD2 /* TraceurExtension.swift in Sources */ = {isa = PBXBuildFile; fileRef = 2BEDF764206A42710099FCD2 /* TraceurExtension.swift */; };
		2BEDF767206A42810099FCD2 /* EvaluationExtension.swift in Sources */ = {isa = PBXBuildFile; fileRef = 2BEDF766206A42810099FCD2 /* EvaluationExtension.swift */; };
		2BEDF769206A42960099FCD2 /* SymptomeExtension.swift in Sources */ = {isa = PBXBuildFile; fileRef = 2BEDF768206A42960099FCD2 /* SymptomeExtension.swift */; };
		2BEDF76B206A42A70099FCD2 /* AvisExtension.swift in Sources */ = {isa = PBXBuildFile; fileRef = 2BEDF76A206A42A70099FCD2 /* AvisExtension.swift */; };
		2BEDF76D206A42B50099FCD2 /* TypeAvisExtension.swift in Sources */ = {isa = PBXBuildFile; fileRef = 2BEDF76C206A42B50099FCD2 /* TypeAvisExtension.swift */; };
		2BEDF770206A42DA0099FCD2 /* AbstractDAOFactory.swift in Sources */ = {isa = PBXBuildFile; fileRef = 2BEDF76F206A42DA0099FCD2 /* AbstractDAOFactory.swift */; };
		2BEDF773206A42FA0099FCD2 /* CoreDataDAOFactory.swift in Sources */ = {isa = PBXBuildFile; fileRef = 2BEDF772206A42FA0099FCD2 /* CoreDataDAOFactory.swift */; };
		2BEDF776206A43140099FCD2 /* MedicamentSeeder.swift in Sources */ = {isa = PBXBuildFile; fileRef = 2BEDF775206A43140099FCD2 /* MedicamentSeeder.swift */; };
		2BEDF778206A43270099FCD2 /* TypeContactSeeder.swift in Sources */ = {isa = PBXBuildFile; fileRef = 2BEDF777206A43270099FCD2 /* TypeContactSeeder.swift */; };
		2BEDF77B206A433F0099FCD2 /* DialogBoxHelper.swift in Sources */ = {isa = PBXBuildFile; fileRef = 2BEDF77A206A433F0099FCD2 /* DialogBoxHelper.swift */; };
		2BEDF77D206A43550099FCD2 /* CoreDataManager.swift in Sources */ = {isa = PBXBuildFile; fileRef = 2BEDF77C206A43550099FCD2 /* CoreDataManager.swift */; };
		2BEDF77F206A43640099FCD2 /* DataHelper.swift in Sources */ = {isa = PBXBuildFile; fileRef = 2BEDF77E206A43640099FCD2 /* DataHelper.swift */; };
		2BEDF781206A437A0099FCD2 /* DateHelper.swift in Sources */ = {isa = PBXBuildFile; fileRef = 2BEDF780206A437A0099FCD2 /* DateHelper.swift */; };
		2BEDF784206A43970099FCD2 /* ActiviteDAO.swift in Sources */ = {isa = PBXBuildFile; fileRef = 2BEDF783206A43970099FCD2 /* ActiviteDAO.swift */; };
		2BEDF786206A43A20099FCD2 /* AvisDAO.swift in Sources */ = {isa = PBXBuildFile; fileRef = 2BEDF785206A43A20099FCD2 /* AvisDAO.swift */; };
		2BEDF788206A43BD0099FCD2 /* ContactDAO.swift in Sources */ = {isa = PBXBuildFile; fileRef = 2BEDF787206A43BD0099FCD2 /* ContactDAO.swift */; };
		2BEDF78A206A43D60099FCD2 /* EvaluationDAO.swift in Sources */ = {isa = PBXBuildFile; fileRef = 2BEDF789206A43D60099FCD2 /* EvaluationDAO.swift */; };
		2BEDF78C206A43E80099FCD2 /* EvenementDAO.swift in Sources */ = {isa = PBXBuildFile; fileRef = 2BEDF78B206A43E80099FCD2 /* EvenementDAO.swift */; };
		2BEDF78E206A43F70099FCD2 /* MedicamentDAO.swift in Sources */ = {isa = PBXBuildFile; fileRef = 2BEDF78D206A43F70099FCD2 /* MedicamentDAO.swift */; };
		2BEDF790206A44050099FCD2 /* OrdonnanceDAO.swift in Sources */ = {isa = PBXBuildFile; fileRef = 2BEDF78F206A44050099FCD2 /* OrdonnanceDAO.swift */; };
		2BEDF792206A44170099FCD2 /* PatientDAO.swift in Sources */ = {isa = PBXBuildFile; fileRef = 2BEDF791206A44170099FCD2 /* PatientDAO.swift */; };
		2BEDF794206A44290099FCD2 /* PriseMedicamenteuseDAO.swift in Sources */ = {isa = PBXBuildFile; fileRef = 2BEDF793206A44290099FCD2 /* PriseMedicamenteuseDAO.swift */; };
		2BEDF796206A44370099FCD2 /* RDVDAO.swift in Sources */ = {isa = PBXBuildFile; fileRef = 2BEDF795206A44370099FCD2 /* RDVDAO.swift */; };
		2BEDF798206A44470099FCD2 /* TraceurDAO.swift in Sources */ = {isa = PBXBuildFile; fileRef = 2BEDF797206A44470099FCD2 /* TraceurDAO.swift */; };
		2BEDF79A206A44570099FCD2 /* TypeAvisDAO.swift in Sources */ = {isa = PBXBuildFile; fileRef = 2BEDF799206A44570099FCD2 /* TypeAvisDAO.swift */; };
		2BEDF79C206A44680099FCD2 /* TypeContactDAO.swift in Sources */ = {isa = PBXBuildFile; fileRef = 2BEDF79B206A44680099FCD2 /* TypeContactDAO.swift */; };
		2BEDF79E206A447B0099FCD2 /* SymptomeDAO.swift in Sources */ = {isa = PBXBuildFile; fileRef = 2BEDF79D206A447B0099FCD2 /* SymptomeDAO.swift */; };
		2BEDF7A1206A44A10099FCD2 /* MedicamentCoreDataDAO.swift in Sources */ = {isa = PBXBuildFile; fileRef = 2BEDF7A0206A44A10099FCD2 /* MedicamentCoreDataDAO.swift */; };
		2BEDF7A3206A44BF0099FCD2 /* TypeContactCoreDataDAO.swift in Sources */ = {isa = PBXBuildFile; fileRef = 2BEDF7A2206A44BF0099FCD2 /* TypeContactCoreDataDAO.swift */; };
		2BEDF7A5206A44D00099FCD2 /* ContactCoreDataDAO.swift in Sources */ = {isa = PBXBuildFile; fileRef = 2BEDF7A4206A44D00099FCD2 /* ContactCoreDataDAO.swift */; };
		2BEDF7A7206A44E20099FCD2 /* PatientCoreDataDAO.swift in Sources */ = {isa = PBXBuildFile; fileRef = 2BEDF7A6206A44E20099FCD2 /* PatientCoreDataDAO.swift */; };
		2BEDF7A9206A44F30099FCD2 /* EvenementCoreDataDAO.swift in Sources */ = {isa = PBXBuildFile; fileRef = 2BEDF7A8206A44F30099FCD2 /* EvenementCoreDataDAO.swift */; };
		2BEDF7AB206A45000099FCD2 /* OrdonnanceCoreDataDAO.swift in Sources */ = {isa = PBXBuildFile; fileRef = 2BEDF7AA206A45000099FCD2 /* OrdonnanceCoreDataDAO.swift */; };
		2BEDF7AD206A451A0099FCD2 /* PriseMedicamenteuseCoreDataDAO.swift in Sources */ = {isa = PBXBuildFile; fileRef = 2BEDF7AC206A451A0099FCD2 /* PriseMedicamenteuseCoreDataDAO.swift */; };
		2BEDF7AF206A45300099FCD2 /* ActiviteCoreDataDAO.swift in Sources */ = {isa = PBXBuildFile; fileRef = 2BEDF7AE206A45300099FCD2 /* ActiviteCoreDataDAO.swift */; };
		2BEDF7B1206A45410099FCD2 /* RDVCoreDataDAO.swift in Sources */ = {isa = PBXBuildFile; fileRef = 2BEDF7B0206A45410099FCD2 /* RDVCoreDataDAO.swift */; };
		2BEDF7B3206A455B0099FCD2 /* TraceurCoreDataDAO.swift in Sources */ = {isa = PBXBuildFile; fileRef = 2BEDF7B2206A455B0099FCD2 /* TraceurCoreDataDAO.swift */; };
		2BEDF7B5206A456F0099FCD2 /* EvaluationCoreDataDAO.swift in Sources */ = {isa = PBXBuildFile; fileRef = 2BEDF7B4206A456E0099FCD2 /* EvaluationCoreDataDAO.swift */; };
		2BEDF7B7206A45810099FCD2 /* SymptomeCoreDataDAO.swift in Sources */ = {isa = PBXBuildFile; fileRef = 2BEDF7B6206A45810099FCD2 /* SymptomeCoreDataDAO.swift */; };
		2BEDF7B9206A45960099FCD2 /* AvisCoreDataDAO.swift in Sources */ = {isa = PBXBuildFile; fileRef = 2BEDF7B8206A45960099FCD2 /* AvisCoreDataDAO.swift */; };
		2BEDF7BB206A45AE0099FCD2 /* TypeAvisCoreDataDAO.swift in Sources */ = {isa = PBXBuildFile; fileRef = 2BEDF7BA206A45AE0099FCD2 /* TypeAvisCoreDataDAO.swift */; };
		7A2C29FF205429CA000EC45C /* AjouterPriseViewController.swift in Sources */ = {isa = PBXBuildFile; fileRef = 7A2C29FE205429CA000EC45C /* AjouterPriseViewController.swift */; };
		7A4A735E2069BBC0002D1958 /* PriseOrdonnanceTableViewCell.swift in Sources */ = {isa = PBXBuildFile; fileRef = 7A4A735D2069BBC0002D1958 /* PriseOrdonnanceTableViewCell.swift */; };
		7A4D13B72062FAAC005E8D6D /* AjouterOrdonnanceViewController.swift in Sources */ = {isa = PBXBuildFile; fileRef = 7A4D13B62062FAAC005E8D6D /* AjouterOrdonnanceViewController.swift */; };
		7A4D13B920630AF4005E8D6D /* fleche.png in Resources */ = {isa = PBXBuildFile; fileRef = 7A4D13B820630AF4005E8D6D /* fleche.png */; };
		7A4D13BB20630C02005E8D6D /* fleche_droit.png in Resources */ = {isa = PBXBuildFile; fileRef = 7A4D13BA20630C02005E8D6D /* fleche_droit.png */; };
		7A596601206EBCD5007F2ECA /* AjouterActiviteViewController.swift in Sources */ = {isa = PBXBuildFile; fileRef = 7A596600206EBCD5007F2ECA /* AjouterActiviteViewController.swift */; };
		7A6BB35F2050281C00A46AB3 /* AppDelegate.swift in Sources */ = {isa = PBXBuildFile; fileRef = 7A6BB35E2050281C00A46AB3 /* AppDelegate.swift */; };
		7A6BB3612050281C00A46AB3 /* ViewController.swift in Sources */ = {isa = PBXBuildFile; fileRef = 7A6BB3602050281C00A46AB3 /* ViewController.swift */; };
		7A6BB3642050281C00A46AB3 /* Main.storyboard in Resources */ = {isa = PBXBuildFile; fileRef = 7A6BB3622050281C00A46AB3 /* Main.storyboard */; };
		7A6BB3672050281C00A46AB3 /* Mon_Pk___Moi.xcdatamodeld in Sources */ = {isa = PBXBuildFile; fileRef = 7A6BB3652050281C00A46AB3 /* Mon_Pk___Moi.xcdatamodeld */; };
		7A6BB3692050281C00A46AB3 /* Assets.xcassets in Resources */ = {isa = PBXBuildFile; fileRef = 7A6BB3682050281C00A46AB3 /* Assets.xcassets */; };
		7A6BB36C2050281C00A46AB3 /* LaunchScreen.storyboard in Resources */ = {isa = PBXBuildFile; fileRef = 7A6BB36A2050281C00A46AB3 /* LaunchScreen.storyboard */; };
		7A6BB3772050281C00A46AB3 /* Mon_Pk___MoiTests.swift in Sources */ = {isa = PBXBuildFile; fileRef = 7A6BB3762050281C00A46AB3 /* Mon_Pk___MoiTests.swift */; };
		7A6BB3822050281C00A46AB3 /* Mon_Pk___MoiUITests.swift in Sources */ = {isa = PBXBuildFile; fileRef = 7A6BB3812050281C00A46AB3 /* Mon_Pk___MoiUITests.swift */; };
		7A6BB3932050285300A46AB3 /* bouton_agenda.png in Resources */ = {isa = PBXBuildFile; fileRef = 7A6BB38F2050285300A46AB3 /* bouton_agenda.png */; };
		7A6BB3942050285300A46AB3 /* bouton_information.png in Resources */ = {isa = PBXBuildFile; fileRef = 7A6BB3902050285300A46AB3 /* bouton_information.png */; };
		7A6BB3952050285300A46AB3 /* bouton_pilulier.png in Resources */ = {isa = PBXBuildFile; fileRef = 7A6BB3912050285300A46AB3 /* bouton_pilulier.png */; };
		7A6BB3962050285300A46AB3 /* bouton_traceur.png in Resources */ = {isa = PBXBuildFile; fileRef = 7A6BB3922050285300A46AB3 /* bouton_traceur.png */; };
		7A6BB39920502B4900A46AB3 /* logo.png in Resources */ = {isa = PBXBuildFile; fileRef = 7A6BB39820502B4900A46AB3 /* logo.png */; };
		7A6BB39B20502C8A00A46AB3 /* user.png in Resources */ = {isa = PBXBuildFile; fileRef = 7A6BB39A20502C8A00A46AB3 /* user.png */; };
		7A6CB976206D9BBA00601DF5 /* AjouterRDVViewController.swift in Sources */ = {isa = PBXBuildFile; fileRef = 7A6CB975206D9BBA00601DF5 /* AjouterRDVViewController.swift */; };
		7AA533FE2057C09C00A2A443 /* PriseMedicamentTableViewCell.swift in Sources */ = {isa = PBXBuildFile; fileRef = 7AA533FD2057C09C00A2A443 /* PriseMedicamentTableViewCell.swift */; };
		7AA534022057C9FF00A2A443 /* pilulierViewController.swift in Sources */ = {isa = PBXBuildFile; fileRef = 7AA534012057C9FF00A2A443 /* pilulierViewController.swift */; };
		7ADE30A92072F38F00C3EA45 /* ShowPriseViewController.swift in Sources */ = {isa = PBXBuildFile; fileRef = 7ADE30A82072F38F00C3EA45 /* ShowPriseViewController.swift */; };
		7B83BB8020737FF70064632E /* TypeAvisSeeder.swift in Sources */ = {isa = PBXBuildFile; fileRef = 7B83BB7F20737FF70064632E /* TypeAvisSeeder.swift */; };
		7B83BB8320739F0E0064632E /* SyntheseViewController.swift in Sources */ = {isa = PBXBuildFile; fileRef = 7B83BB8220739F0E0064632E /* SyntheseViewController.swift */; };
		7B83BB872073B0F40064632E /* ShowAvisViewController.swift in Sources */ = {isa = PBXBuildFile; fileRef = 7B83BB862073B0F40064632E /* ShowAvisViewController.swift */; };
		7BFCDC6C206B84BE00A3A7CC /* InformationViewController.swift in Sources */ = {isa = PBXBuildFile; fileRef = 7BFCDC6B206B84BE00A3A7CC /* InformationViewController.swift */; };
		7BFCDC6E206B853500A3A7CC /* ContactTableViewCell.swift in Sources */ = {isa = PBXBuildFile; fileRef = 7BFCDC6D206B853500A3A7CC /* ContactTableViewCell.swift */; };
		7BFCDC70206B8D9F00A3A7CC /* AgendaViewController.swift in Sources */ = {isa = PBXBuildFile; fileRef = 7BFCDC6F206B8D9F00A3A7CC /* AgendaViewController.swift */; };
		7BFCDC72206B8EBD00A3A7CC /* EvenementTableViewCell.swift in Sources */ = {isa = PBXBuildFile; fileRef = 7BFCDC71206B8EBD00A3A7CC /* EvenementTableViewCell.swift */; };
		7BFCDC74206BA2E600A3A7CC /* MonProfilViewController.swift in Sources */ = {isa = PBXBuildFile; fileRef = 7BFCDC73206BA2E600A3A7CC /* MonProfilViewController.swift */; };
		7BFCDC76206BBD3600A3A7CC /* AjouterContactViewController.swift in Sources */ = {isa = PBXBuildFile; fileRef = 7BFCDC75206BBD3600A3A7CC /* AjouterContactViewController.swift */; };
		BC348F12206F6AD100686D9E /* newPlageHoraireController.swift in Sources */ = {isa = PBXBuildFile; fileRef = BC348F11206F6AD100686D9E /* newPlageHoraireController.swift */; };
		BCAE09BB206EF49E0066F9C1 /* RemplirTraceurViewController.swift in Sources */ = {isa = PBXBuildFile; fileRef = BCAE09BA206EF49E0066F9C1 /* RemplirTraceurViewController.swift */; };
		BCC265FA206F8A2E008093C4 /* NSDateExtension.swift in Sources */ = {isa = PBXBuildFile; fileRef = BCC265F9206F8A2E008093C4 /* NSDateExtension.swift */; };
		BCCDB417207123AF00DB87AA /* TraceurTableViewCell.swift in Sources */ = {isa = PBXBuildFile; fileRef = BCCDB416207123AF00DB87AA /* TraceurTableViewCell.swift */; };
		BCCDB41B207154CB00DB87AA /* EvaluationTableViewCell.swift in Sources */ = {isa = PBXBuildFile; fileRef = BCCDB41A207154CB00DB87AA /* EvaluationTableViewCell.swift */; };
		BCCDB41D207154DB00DB87AA /* ActiviteTableViewCell.swift in Sources */ = {isa = PBXBuildFile; fileRef = BCCDB41C207154DB00DB87AA /* ActiviteTableViewCell.swift */; };
		BCCDB41F207154E800DB87AA /* PriseTableViewCell.swift in Sources */ = {isa = PBXBuildFile; fileRef = BCCDB41E207154E800DB87AA /* PriseTableViewCell.swift */; };
		BCCDB421207154F200DB87AA /* AvisTableViewCell.swift in Sources */ = {isa = PBXBuildFile; fileRef = BCCDB420207154F200DB87AA /* AvisTableViewCell.swift */; };
		BCE76A1220702A07002580DF /* newEtatViewController.swift in Sources */ = {isa = PBXBuildFile; fileRef = BCE76A1120702A07002580DF /* newEtatViewController.swift */; };
		BCE76A1420703303002580DF /* NewSymptomeViewController.swift in Sources */ = {isa = PBXBuildFile; fileRef = BCE76A1320703303002580DF /* NewSymptomeViewController.swift */; };
		BCE76A16207039B1002580DF /* SymptomeSeeder.swift in Sources */ = {isa = PBXBuildFile; fileRef = BCE76A15207039B1002580DF /* SymptomeSeeder.swift */; };
		BCE76A18207040F2002580DF /* SymptomeTableViewCell.swift in Sources */ = {isa = PBXBuildFile; fileRef = BCE76A17207040F2002580DF /* SymptomeTableViewCell.swift */; };
		BCF2FD202070DED200A6C8B3 /* TraceursTableViewController.swift in Sources */ = {isa = PBXBuildFile; fileRef = BCF2FD1F2070DED200A6C8B3 /* TraceursTableViewController.swift */; };
		BCFF8260206AFAD6006AE4D6 /* InscriptionViewController.swift in Sources */ = {isa = PBXBuildFile; fileRef = BCFF825F206AFAD6006AE4D6 /* InscriptionViewController.swift */; };
/* End PBXBuildFile section */

/* Begin PBXContainerItemProxy section */
		7A6BB3732050281C00A46AB3 /* PBXContainerItemProxy */ = {
			isa = PBXContainerItemProxy;
			containerPortal = 7A6BB3532050281C00A46AB3 /* Project object */;
			proxyType = 1;
			remoteGlobalIDString = 7A6BB35A2050281C00A46AB3;
			remoteInfo = "Mon Pk & Moi";
		};
		7A6BB37E2050281C00A46AB3 /* PBXContainerItemProxy */ = {
			isa = PBXContainerItemProxy;
			containerPortal = 7A6BB3532050281C00A46AB3 /* Project object */;
			proxyType = 1;
			remoteGlobalIDString = 7A6BB35A2050281C00A46AB3;
			remoteInfo = "Mon Pk & Moi";
		};
/* End PBXContainerItemProxy section */

/* Begin PBXFileReference section */
		2BEDF752206A41BE0099FCD2 /* MedicamentExtension.swift */ = {isa = PBXFileReference; fileEncoding = 4; lastKnownFileType = sourcecode.swift; path = MedicamentExtension.swift; sourceTree = "<group>"; };
		2BEDF754206A41DA0099FCD2 /* TypeContactExtension.swift */ = {isa = PBXFileReference; fileEncoding = 4; lastKnownFileType = sourcecode.swift; path = TypeContactExtension.swift; sourceTree = "<group>"; };
		2BEDF756206A41F10099FCD2 /* ContactExtension.swift */ = {isa = PBXFileReference; fileEncoding = 4; lastKnownFileType = sourcecode.swift; path = ContactExtension.swift; sourceTree = "<group>"; };
		2BEDF758206A42030099FCD2 /* PatientExtension.swift */ = {isa = PBXFileReference; fileEncoding = 4; lastKnownFileType = sourcecode.swift; path = PatientExtension.swift; sourceTree = "<group>"; };
		2BEDF75A206A42130099FCD2 /* EvenementExtension.swift */ = {isa = PBXFileReference; fileEncoding = 4; lastKnownFileType = sourcecode.swift; path = EvenementExtension.swift; sourceTree = "<group>"; };
		2BEDF75C206A42260099FCD2 /* OrdonnanceExtension.swift */ = {isa = PBXFileReference; fileEncoding = 4; lastKnownFileType = sourcecode.swift; path = OrdonnanceExtension.swift; sourceTree = "<group>"; };
		2BEDF75E206A423D0099FCD2 /* PriseMedicamenteuseExtension.swift */ = {isa = PBXFileReference; fileEncoding = 4; lastKnownFileType = sourcecode.swift; path = PriseMedicamenteuseExtension.swift; sourceTree = "<group>"; };
		2BEDF760206A424E0099FCD2 /* ActiviteExtension.swift */ = {isa = PBXFileReference; fileEncoding = 4; lastKnownFileType = sourcecode.swift; path = ActiviteExtension.swift; sourceTree = "<group>"; };
		2BEDF762206A42600099FCD2 /* RDVExtension.swift */ = {isa = PBXFileReference; fileEncoding = 4; lastKnownFileType = sourcecode.swift; path = RDVExtension.swift; sourceTree = "<group>"; };
		2BEDF764206A42710099FCD2 /* TraceurExtension.swift */ = {isa = PBXFileReference; fileEncoding = 4; lastKnownFileType = sourcecode.swift; path = TraceurExtension.swift; sourceTree = "<group>"; };
		2BEDF766206A42810099FCD2 /* EvaluationExtension.swift */ = {isa = PBXFileReference; fileEncoding = 4; lastKnownFileType = sourcecode.swift; path = EvaluationExtension.swift; sourceTree = "<group>"; };
		2BEDF768206A42960099FCD2 /* SymptomeExtension.swift */ = {isa = PBXFileReference; fileEncoding = 4; lastKnownFileType = sourcecode.swift; path = SymptomeExtension.swift; sourceTree = "<group>"; };
		2BEDF76A206A42A70099FCD2 /* AvisExtension.swift */ = {isa = PBXFileReference; fileEncoding = 4; lastKnownFileType = sourcecode.swift; path = AvisExtension.swift; sourceTree = "<group>"; };
		2BEDF76C206A42B50099FCD2 /* TypeAvisExtension.swift */ = {isa = PBXFileReference; fileEncoding = 4; lastKnownFileType = sourcecode.swift; path = TypeAvisExtension.swift; sourceTree = "<group>"; };
		2BEDF76F206A42DA0099FCD2 /* AbstractDAOFactory.swift */ = {isa = PBXFileReference; fileEncoding = 4; lastKnownFileType = sourcecode.swift; path = AbstractDAOFactory.swift; sourceTree = "<group>"; };
		2BEDF772206A42FA0099FCD2 /* CoreDataDAOFactory.swift */ = {isa = PBXFileReference; fileEncoding = 4; lastKnownFileType = sourcecode.swift; path = CoreDataDAOFactory.swift; sourceTree = "<group>"; };
		2BEDF775206A43140099FCD2 /* MedicamentSeeder.swift */ = {isa = PBXFileReference; fileEncoding = 4; lastKnownFileType = sourcecode.swift; path = MedicamentSeeder.swift; sourceTree = "<group>"; };
		2BEDF777206A43270099FCD2 /* TypeContactSeeder.swift */ = {isa = PBXFileReference; fileEncoding = 4; lastKnownFileType = sourcecode.swift; path = TypeContactSeeder.swift; sourceTree = "<group>"; };
		2BEDF77A206A433F0099FCD2 /* DialogBoxHelper.swift */ = {isa = PBXFileReference; fileEncoding = 4; lastKnownFileType = sourcecode.swift; path = DialogBoxHelper.swift; sourceTree = "<group>"; };
		2BEDF77C206A43550099FCD2 /* CoreDataManager.swift */ = {isa = PBXFileReference; fileEncoding = 4; lastKnownFileType = sourcecode.swift; path = CoreDataManager.swift; sourceTree = "<group>"; };
		2BEDF77E206A43640099FCD2 /* DataHelper.swift */ = {isa = PBXFileReference; fileEncoding = 4; lastKnownFileType = sourcecode.swift; path = DataHelper.swift; sourceTree = "<group>"; };
		2BEDF780206A437A0099FCD2 /* DateHelper.swift */ = {isa = PBXFileReference; fileEncoding = 4; lastKnownFileType = sourcecode.swift; path = DateHelper.swift; sourceTree = "<group>"; };
		2BEDF783206A43970099FCD2 /* ActiviteDAO.swift */ = {isa = PBXFileReference; fileEncoding = 4; lastKnownFileType = sourcecode.swift; path = ActiviteDAO.swift; sourceTree = "<group>"; };
		2BEDF785206A43A20099FCD2 /* AvisDAO.swift */ = {isa = PBXFileReference; fileEncoding = 4; lastKnownFileType = sourcecode.swift; path = AvisDAO.swift; sourceTree = "<group>"; };
		2BEDF787206A43BD0099FCD2 /* ContactDAO.swift */ = {isa = PBXFileReference; fileEncoding = 4; lastKnownFileType = sourcecode.swift; path = ContactDAO.swift; sourceTree = "<group>"; };
		2BEDF789206A43D60099FCD2 /* EvaluationDAO.swift */ = {isa = PBXFileReference; fileEncoding = 4; lastKnownFileType = sourcecode.swift; path = EvaluationDAO.swift; sourceTree = "<group>"; };
		2BEDF78B206A43E80099FCD2 /* EvenementDAO.swift */ = {isa = PBXFileReference; fileEncoding = 4; lastKnownFileType = sourcecode.swift; path = EvenementDAO.swift; sourceTree = "<group>"; };
		2BEDF78D206A43F70099FCD2 /* MedicamentDAO.swift */ = {isa = PBXFileReference; fileEncoding = 4; lastKnownFileType = sourcecode.swift; path = MedicamentDAO.swift; sourceTree = "<group>"; };
		2BEDF78F206A44050099FCD2 /* OrdonnanceDAO.swift */ = {isa = PBXFileReference; fileEncoding = 4; lastKnownFileType = sourcecode.swift; path = OrdonnanceDAO.swift; sourceTree = "<group>"; };
		2BEDF791206A44170099FCD2 /* PatientDAO.swift */ = {isa = PBXFileReference; fileEncoding = 4; lastKnownFileType = sourcecode.swift; path = PatientDAO.swift; sourceTree = "<group>"; };
		2BEDF793206A44290099FCD2 /* PriseMedicamenteuseDAO.swift */ = {isa = PBXFileReference; fileEncoding = 4; lastKnownFileType = sourcecode.swift; path = PriseMedicamenteuseDAO.swift; sourceTree = "<group>"; };
		2BEDF795206A44370099FCD2 /* RDVDAO.swift */ = {isa = PBXFileReference; fileEncoding = 4; lastKnownFileType = sourcecode.swift; path = RDVDAO.swift; sourceTree = "<group>"; };
		2BEDF797206A44470099FCD2 /* TraceurDAO.swift */ = {isa = PBXFileReference; fileEncoding = 4; lastKnownFileType = sourcecode.swift; path = TraceurDAO.swift; sourceTree = "<group>"; };
		2BEDF799206A44570099FCD2 /* TypeAvisDAO.swift */ = {isa = PBXFileReference; fileEncoding = 4; lastKnownFileType = sourcecode.swift; path = TypeAvisDAO.swift; sourceTree = "<group>"; };
		2BEDF79B206A44680099FCD2 /* TypeContactDAO.swift */ = {isa = PBXFileReference; fileEncoding = 4; lastKnownFileType = sourcecode.swift; path = TypeContactDAO.swift; sourceTree = "<group>"; };
		2BEDF79D206A447B0099FCD2 /* SymptomeDAO.swift */ = {isa = PBXFileReference; fileEncoding = 4; lastKnownFileType = sourcecode.swift; path = SymptomeDAO.swift; sourceTree = "<group>"; };
		2BEDF7A0206A44A10099FCD2 /* MedicamentCoreDataDAO.swift */ = {isa = PBXFileReference; fileEncoding = 4; lastKnownFileType = sourcecode.swift; path = MedicamentCoreDataDAO.swift; sourceTree = "<group>"; };
		2BEDF7A2206A44BF0099FCD2 /* TypeContactCoreDataDAO.swift */ = {isa = PBXFileReference; fileEncoding = 4; lastKnownFileType = sourcecode.swift; path = TypeContactCoreDataDAO.swift; sourceTree = "<group>"; };
		2BEDF7A4206A44D00099FCD2 /* ContactCoreDataDAO.swift */ = {isa = PBXFileReference; fileEncoding = 4; lastKnownFileType = sourcecode.swift; path = ContactCoreDataDAO.swift; sourceTree = "<group>"; };
		2BEDF7A6206A44E20099FCD2 /* PatientCoreDataDAO.swift */ = {isa = PBXFileReference; fileEncoding = 4; lastKnownFileType = sourcecode.swift; path = PatientCoreDataDAO.swift; sourceTree = "<group>"; };
		2BEDF7A8206A44F30099FCD2 /* EvenementCoreDataDAO.swift */ = {isa = PBXFileReference; fileEncoding = 4; lastKnownFileType = sourcecode.swift; path = EvenementCoreDataDAO.swift; sourceTree = "<group>"; };
		2BEDF7AA206A45000099FCD2 /* OrdonnanceCoreDataDAO.swift */ = {isa = PBXFileReference; fileEncoding = 4; lastKnownFileType = sourcecode.swift; path = OrdonnanceCoreDataDAO.swift; sourceTree = "<group>"; };
		2BEDF7AC206A451A0099FCD2 /* PriseMedicamenteuseCoreDataDAO.swift */ = {isa = PBXFileReference; fileEncoding = 4; lastKnownFileType = sourcecode.swift; path = PriseMedicamenteuseCoreDataDAO.swift; sourceTree = "<group>"; };
		2BEDF7AE206A45300099FCD2 /* ActiviteCoreDataDAO.swift */ = {isa = PBXFileReference; fileEncoding = 4; lastKnownFileType = sourcecode.swift; path = ActiviteCoreDataDAO.swift; sourceTree = "<group>"; };
		2BEDF7B0206A45410099FCD2 /* RDVCoreDataDAO.swift */ = {isa = PBXFileReference; fileEncoding = 4; lastKnownFileType = sourcecode.swift; path = RDVCoreDataDAO.swift; sourceTree = "<group>"; };
		2BEDF7B2206A455B0099FCD2 /* TraceurCoreDataDAO.swift */ = {isa = PBXFileReference; fileEncoding = 4; lastKnownFileType = sourcecode.swift; path = TraceurCoreDataDAO.swift; sourceTree = "<group>"; };
		2BEDF7B4206A456E0099FCD2 /* EvaluationCoreDataDAO.swift */ = {isa = PBXFileReference; fileEncoding = 4; lastKnownFileType = sourcecode.swift; path = EvaluationCoreDataDAO.swift; sourceTree = "<group>"; };
		2BEDF7B6206A45810099FCD2 /* SymptomeCoreDataDAO.swift */ = {isa = PBXFileReference; fileEncoding = 4; lastKnownFileType = sourcecode.swift; path = SymptomeCoreDataDAO.swift; sourceTree = "<group>"; };
		2BEDF7B8206A45960099FCD2 /* AvisCoreDataDAO.swift */ = {isa = PBXFileReference; fileEncoding = 4; lastKnownFileType = sourcecode.swift; path = AvisCoreDataDAO.swift; sourceTree = "<group>"; };
		2BEDF7BA206A45AE0099FCD2 /* TypeAvisCoreDataDAO.swift */ = {isa = PBXFileReference; fileEncoding = 4; lastKnownFileType = sourcecode.swift; path = TypeAvisCoreDataDAO.swift; sourceTree = "<group>"; };
		7A2C29FE205429CA000EC45C /* AjouterPriseViewController.swift */ = {isa = PBXFileReference; fileEncoding = 4; lastKnownFileType = sourcecode.swift; name = AjouterPriseViewController.swift; path = ../AjouterPriseViewController.swift; sourceTree = "<group>"; };
		7A4A735D2069BBC0002D1958 /* PriseOrdonnanceTableViewCell.swift */ = {isa = PBXFileReference; fileEncoding = 4; lastKnownFileType = sourcecode.swift; path = PriseOrdonnanceTableViewCell.swift; sourceTree = "<group>"; };
		7A4D13B62062FAAC005E8D6D /* AjouterOrdonnanceViewController.swift */ = {isa = PBXFileReference; fileEncoding = 4; lastKnownFileType = sourcecode.swift; path = AjouterOrdonnanceViewController.swift; sourceTree = "<group>"; };
		7A4D13B820630AF4005E8D6D /* fleche.png */ = {isa = PBXFileReference; lastKnownFileType = image.png; path = fleche.png; sourceTree = "<group>"; };
		7A4D13BA20630C02005E8D6D /* fleche_droit.png */ = {isa = PBXFileReference; lastKnownFileType = image.png; path = fleche_droit.png; sourceTree = "<group>"; };
		7A596600206EBCD5007F2ECA /* AjouterActiviteViewController.swift */ = {isa = PBXFileReference; fileEncoding = 4; lastKnownFileType = sourcecode.swift; path = AjouterActiviteViewController.swift; sourceTree = "<group>"; };
		7A6BB35B2050281C00A46AB3 /* Mon Pk & Moi.app */ = {isa = PBXFileReference; explicitFileType = wrapper.application; includeInIndex = 0; path = "Mon Pk & Moi.app"; sourceTree = BUILT_PRODUCTS_DIR; };
		7A6BB35E2050281C00A46AB3 /* AppDelegate.swift */ = {isa = PBXFileReference; lastKnownFileType = sourcecode.swift; path = AppDelegate.swift; sourceTree = "<group>"; };
		7A6BB3602050281C00A46AB3 /* ViewController.swift */ = {isa = PBXFileReference; lastKnownFileType = sourcecode.swift; path = ViewController.swift; sourceTree = "<group>"; };
		7A6BB3632050281C00A46AB3 /* Base */ = {isa = PBXFileReference; lastKnownFileType = file.storyboard; name = Base; path = Base.lproj/Main.storyboard; sourceTree = "<group>"; };
		7A6BB3662050281C00A46AB3 /* Mon_Pk___Moi.xcdatamodel */ = {isa = PBXFileReference; lastKnownFileType = wrapper.xcdatamodel; path = "Mon_Pk___Moi.xcdatamodel"; sourceTree = "<group>"; };
		7A6BB3682050281C00A46AB3 /* Assets.xcassets */ = {isa = PBXFileReference; lastKnownFileType = folder.assetcatalog; path = Assets.xcassets; sourceTree = "<group>"; };
		7A6BB36B2050281C00A46AB3 /* Base */ = {isa = PBXFileReference; lastKnownFileType = file.storyboard; name = Base; path = Base.lproj/LaunchScreen.storyboard; sourceTree = "<group>"; };
		7A6BB36D2050281C00A46AB3 /* Info.plist */ = {isa = PBXFileReference; lastKnownFileType = text.plist.xml; path = Info.plist; sourceTree = "<group>"; };
		7A6BB3722050281C00A46AB3 /* Mon Pk & MoiTests.xctest */ = {isa = PBXFileReference; explicitFileType = wrapper.cfbundle; includeInIndex = 0; path = "Mon Pk & MoiTests.xctest"; sourceTree = BUILT_PRODUCTS_DIR; };
		7A6BB3762050281C00A46AB3 /* Mon_Pk___MoiTests.swift */ = {isa = PBXFileReference; lastKnownFileType = sourcecode.swift; path = "Mon_Pk___MoiTests.swift"; sourceTree = "<group>"; };
		7A6BB3782050281C00A46AB3 /* Info.plist */ = {isa = PBXFileReference; lastKnownFileType = text.plist.xml; path = Info.plist; sourceTree = "<group>"; };
		7A6BB37D2050281C00A46AB3 /* Mon Pk & MoiUITests.xctest */ = {isa = PBXFileReference; explicitFileType = wrapper.cfbundle; includeInIndex = 0; path = "Mon Pk & MoiUITests.xctest"; sourceTree = BUILT_PRODUCTS_DIR; };
		7A6BB3812050281C00A46AB3 /* Mon_Pk___MoiUITests.swift */ = {isa = PBXFileReference; lastKnownFileType = sourcecode.swift; path = "Mon_Pk___MoiUITests.swift"; sourceTree = "<group>"; };
		7A6BB3832050281C00A46AB3 /* Info.plist */ = {isa = PBXFileReference; lastKnownFileType = text.plist.xml; path = Info.plist; sourceTree = "<group>"; };
		7A6BB38F2050285300A46AB3 /* bouton_agenda.png */ = {isa = PBXFileReference; lastKnownFileType = image.png; path = bouton_agenda.png; sourceTree = "<group>"; };
		7A6BB3902050285300A46AB3 /* bouton_information.png */ = {isa = PBXFileReference; lastKnownFileType = image.png; path = bouton_information.png; sourceTree = "<group>"; };
		7A6BB3912050285300A46AB3 /* bouton_pilulier.png */ = {isa = PBXFileReference; lastKnownFileType = image.png; path = bouton_pilulier.png; sourceTree = "<group>"; };
		7A6BB3922050285300A46AB3 /* bouton_traceur.png */ = {isa = PBXFileReference; lastKnownFileType = image.png; path = bouton_traceur.png; sourceTree = "<group>"; };
		7A6BB39820502B4900A46AB3 /* logo.png */ = {isa = PBXFileReference; lastKnownFileType = image.png; path = logo.png; sourceTree = "<group>"; };
		7A6BB39A20502C8A00A46AB3 /* user.png */ = {isa = PBXFileReference; lastKnownFileType = image.png; path = user.png; sourceTree = "<group>"; };
		7A6CB975206D9BBA00601DF5 /* AjouterRDVViewController.swift */ = {isa = PBXFileReference; fileEncoding = 4; lastKnownFileType = sourcecode.swift; path = AjouterRDVViewController.swift; sourceTree = "<group>"; };
		7AA533FD2057C09C00A2A443 /* PriseMedicamentTableViewCell.swift */ = {isa = PBXFileReference; fileEncoding = 4; lastKnownFileType = sourcecode.swift; path = PriseMedicamentTableViewCell.swift; sourceTree = "<group>"; };
		7AA534012057C9FF00A2A443 /* pilulierViewController.swift */ = {isa = PBXFileReference; fileEncoding = 4; lastKnownFileType = sourcecode.swift; name = pilulierViewController.swift; path = ../pilulierViewController.swift; sourceTree = "<group>"; };
		7ADE30A82072F38F00C3EA45 /* ShowPriseViewController.swift */ = {isa = PBXFileReference; fileEncoding = 4; lastKnownFileType = sourcecode.swift; path = ShowPriseViewController.swift; sourceTree = "<group>"; };
		7B83BB7F20737FF70064632E /* TypeAvisSeeder.swift */ = {isa = PBXFileReference; fileEncoding = 4; lastKnownFileType = sourcecode.swift; path = TypeAvisSeeder.swift; sourceTree = "<group>"; };
		7B83BB8220739F0E0064632E /* SyntheseViewController.swift */ = {isa = PBXFileReference; fileEncoding = 4; lastKnownFileType = sourcecode.swift; path = SyntheseViewController.swift; sourceTree = "<group>"; };
		7B83BB862073B0F40064632E /* ShowAvisViewController.swift */ = {isa = PBXFileReference; fileEncoding = 4; lastKnownFileType = sourcecode.swift; path = ShowAvisViewController.swift; sourceTree = "<group>"; };
		7BFCDC6B206B84BE00A3A7CC /* InformationViewController.swift */ = {isa = PBXFileReference; fileEncoding = 4; lastKnownFileType = sourcecode.swift; path = InformationViewController.swift; sourceTree = "<group>"; };
		7BFCDC6D206B853500A3A7CC /* ContactTableViewCell.swift */ = {isa = PBXFileReference; fileEncoding = 4; lastKnownFileType = sourcecode.swift; path = ContactTableViewCell.swift; sourceTree = "<group>"; };
		7BFCDC6F206B8D9F00A3A7CC /* AgendaViewController.swift */ = {isa = PBXFileReference; fileEncoding = 4; lastKnownFileType = sourcecode.swift; path = AgendaViewController.swift; sourceTree = "<group>"; };
		7BFCDC71206B8EBD00A3A7CC /* EvenementTableViewCell.swift */ = {isa = PBXFileReference; fileEncoding = 4; lastKnownFileType = sourcecode.swift; path = EvenementTableViewCell.swift; sourceTree = "<group>"; };
		7BFCDC73206BA2E600A3A7CC /* MonProfilViewController.swift */ = {isa = PBXFileReference; fileEncoding = 4; lastKnownFileType = sourcecode.swift; path = MonProfilViewController.swift; sourceTree = "<group>"; };
		7BFCDC75206BBD3600A3A7CC /* AjouterContactViewController.swift */ = {isa = PBXFileReference; fileEncoding = 4; lastKnownFileType = sourcecode.swift; path = AjouterContactViewController.swift; sourceTree = "<group>"; };
		BC348F11206F6AD100686D9E /* newPlageHoraireController.swift */ = {isa = PBXFileReference; fileEncoding = 4; lastKnownFileType = sourcecode.swift; path = newPlageHoraireController.swift; sourceTree = "<group>"; };
		BCAE09BA206EF49E0066F9C1 /* RemplirTraceurViewController.swift */ = {isa = PBXFileReference; fileEncoding = 4; lastKnownFileType = sourcecode.swift; path = RemplirTraceurViewController.swift; sourceTree = "<group>"; };
		BCC265F9206F8A2E008093C4 /* NSDateExtension.swift */ = {isa = PBXFileReference; fileEncoding = 4; lastKnownFileType = sourcecode.swift; path = NSDateExtension.swift; sourceTree = "<group>"; };
		BCCDB416207123AF00DB87AA /* TraceurTableViewCell.swift */ = {isa = PBXFileReference; fileEncoding = 4; lastKnownFileType = sourcecode.swift; path = TraceurTableViewCell.swift; sourceTree = "<group>"; };
		BCCDB41A207154CB00DB87AA /* EvaluationTableViewCell.swift */ = {isa = PBXFileReference; fileEncoding = 4; lastKnownFileType = sourcecode.swift; path = EvaluationTableViewCell.swift; sourceTree = "<group>"; };
		BCCDB41C207154DB00DB87AA /* ActiviteTableViewCell.swift */ = {isa = PBXFileReference; fileEncoding = 4; lastKnownFileType = sourcecode.swift; path = ActiviteTableViewCell.swift; sourceTree = "<group>"; };
		BCCDB41E207154E800DB87AA /* PriseTableViewCell.swift */ = {isa = PBXFileReference; fileEncoding = 4; lastKnownFileType = sourcecode.swift; path = PriseTableViewCell.swift; sourceTree = "<group>"; };
		BCCDB420207154F200DB87AA /* AvisTableViewCell.swift */ = {isa = PBXFileReference; fileEncoding = 4; lastKnownFileType = sourcecode.swift; path = AvisTableViewCell.swift; sourceTree = "<group>"; };
		BCE76A1120702A07002580DF /* newEtatViewController.swift */ = {isa = PBXFileReference; fileEncoding = 4; lastKnownFileType = sourcecode.swift; path = newEtatViewController.swift; sourceTree = "<group>"; };
		BCE76A1320703303002580DF /* NewSymptomeViewController.swift */ = {isa = PBXFileReference; fileEncoding = 4; lastKnownFileType = sourcecode.swift; path = NewSymptomeViewController.swift; sourceTree = "<group>"; };
		BCE76A15207039B1002580DF /* SymptomeSeeder.swift */ = {isa = PBXFileReference; fileEncoding = 4; lastKnownFileType = sourcecode.swift; path = SymptomeSeeder.swift; sourceTree = "<group>"; };
		BCE76A17207040F2002580DF /* SymptomeTableViewCell.swift */ = {isa = PBXFileReference; fileEncoding = 4; lastKnownFileType = sourcecode.swift; path = SymptomeTableViewCell.swift; sourceTree = "<group>"; };
		BCF2FD1F2070DED200A6C8B3 /* TraceursTableViewController.swift */ = {isa = PBXFileReference; fileEncoding = 4; lastKnownFileType = sourcecode.swift; path = TraceursTableViewController.swift; sourceTree = "<group>"; };
		BCFF825F206AFAD6006AE4D6 /* InscriptionViewController.swift */ = {isa = PBXFileReference; fileEncoding = 4; lastKnownFileType = sourcecode.swift; path = InscriptionViewController.swift; sourceTree = "<group>"; };
/* End PBXFileReference section */

/* Begin PBXFrameworksBuildPhase section */
		7A6BB3582050281C00A46AB3 /* Frameworks */ = {
			isa = PBXFrameworksBuildPhase;
			buildActionMask = 2147483647;
			files = (
			);
			runOnlyForDeploymentPostprocessing = 0;
		};
		7A6BB36F2050281C00A46AB3 /* Frameworks */ = {
			isa = PBXFrameworksBuildPhase;
			buildActionMask = 2147483647;
			files = (
			);
			runOnlyForDeploymentPostprocessing = 0;
		};
		7A6BB37A2050281C00A46AB3 /* Frameworks */ = {
			isa = PBXFrameworksBuildPhase;
			buildActionMask = 2147483647;
			files = (
			);
			runOnlyForDeploymentPostprocessing = 0;
		};
/* End PBXFrameworksBuildPhase section */

/* Begin PBXGroup section */
		2BEDF751206A41A40099FCD2 /* Model */ = {
			isa = PBXGroup;
			children = (
				2BEDF760206A424E0099FCD2 /* ActiviteExtension.swift */,
				2BEDF76A206A42A70099FCD2 /* AvisExtension.swift */,
				2BEDF756206A41F10099FCD2 /* ContactExtension.swift */,
				2BEDF766206A42810099FCD2 /* EvaluationExtension.swift */,
				2BEDF75A206A42130099FCD2 /* EvenementExtension.swift */,
				2BEDF752206A41BE0099FCD2 /* MedicamentExtension.swift */,
				2BEDF75C206A42260099FCD2 /* OrdonnanceExtension.swift */,
				2BEDF758206A42030099FCD2 /* PatientExtension.swift */,
				2BEDF75E206A423D0099FCD2 /* PriseMedicamenteuseExtension.swift */,
				2BEDF762206A42600099FCD2 /* RDVExtension.swift */,
				2BEDF768206A42960099FCD2 /* SymptomeExtension.swift */,
				2BEDF764206A42710099FCD2 /* TraceurExtension.swift */,
				2BEDF76C206A42B50099FCD2 /* TypeAvisExtension.swift */,
				2BEDF754206A41DA0099FCD2 /* TypeContactExtension.swift */,
			);
			name = Model;
			sourceTree = "<group>";
		};
		2BEDF76E206A42C50099FCD2 /* Factory */ = {
			isa = PBXGroup;
			children = (
				2BEDF771206A42E60099FCD2 /* CoreDataDAOFactory */,
				2BEDF76F206A42DA0099FCD2 /* AbstractDAOFactory.swift */,
			);
			name = Factory;
			sourceTree = "<group>";
		};
		2BEDF771206A42E60099FCD2 /* CoreDataDAOFactory */ = {
			isa = PBXGroup;
			children = (
				2BEDF772206A42FA0099FCD2 /* CoreDataDAOFactory.swift */,
			);
			name = CoreDataDAOFactory;
			sourceTree = "<group>";
		};
		2BEDF774206A43070099FCD2 /* Seeders */ = {
			isa = PBXGroup;
			children = (
				2BEDF775206A43140099FCD2 /* MedicamentSeeder.swift */,
				2BEDF777206A43270099FCD2 /* TypeContactSeeder.swift */,
				BCE76A15207039B1002580DF /* SymptomeSeeder.swift */,
				7B83BB7F20737FF70064632E /* TypeAvisSeeder.swift */,
			);
			name = Seeders;
			sourceTree = "<group>";
		};
		2BEDF779206A43310099FCD2 /* Helpers */ = {
			isa = PBXGroup;
			children = (
				2BEDF77C206A43550099FCD2 /* CoreDataManager.swift */,
				2BEDF77E206A43640099FCD2 /* DataHelper.swift */,
				2BEDF780206A437A0099FCD2 /* DateHelper.swift */,
				2BEDF77A206A433F0099FCD2 /* DialogBoxHelper.swift */,
				BCC265F9206F8A2E008093C4 /* NSDateExtension.swift */,
			);
			name = Helpers;
			sourceTree = "<group>";
		};
		2BEDF782206A43890099FCD2 /* DAO */ = {
			isa = PBXGroup;
			children = (
				2BEDF79F206A448A0099FCD2 /* CoreDataDAO */,
				2BEDF783206A43970099FCD2 /* ActiviteDAO.swift */,
				2BEDF785206A43A20099FCD2 /* AvisDAO.swift */,
				2BEDF787206A43BD0099FCD2 /* ContactDAO.swift */,
				2BEDF789206A43D60099FCD2 /* EvaluationDAO.swift */,
				2BEDF78B206A43E80099FCD2 /* EvenementDAO.swift */,
				2BEDF78D206A43F70099FCD2 /* MedicamentDAO.swift */,
				2BEDF78F206A44050099FCD2 /* OrdonnanceDAO.swift */,
				2BEDF791206A44170099FCD2 /* PatientDAO.swift */,
				2BEDF793206A44290099FCD2 /* PriseMedicamenteuseDAO.swift */,
				2BEDF795206A44370099FCD2 /* RDVDAO.swift */,
				2BEDF79D206A447B0099FCD2 /* SymptomeDAO.swift */,
				2BEDF797206A44470099FCD2 /* TraceurDAO.swift */,
				2BEDF799206A44570099FCD2 /* TypeAvisDAO.swift */,
				2BEDF79B206A44680099FCD2 /* TypeContactDAO.swift */,
			);
			name = DAO;
			sourceTree = "<group>";
		};
		2BEDF79F206A448A0099FCD2 /* CoreDataDAO */ = {
			isa = PBXGroup;
			children = (
				2BEDF7AE206A45300099FCD2 /* ActiviteCoreDataDAO.swift */,
				2BEDF7B8206A45960099FCD2 /* AvisCoreDataDAO.swift */,
				2BEDF7A4206A44D00099FCD2 /* ContactCoreDataDAO.swift */,
				2BEDF7B4206A456E0099FCD2 /* EvaluationCoreDataDAO.swift */,
				2BEDF7A8206A44F30099FCD2 /* EvenementCoreDataDAO.swift */,
				2BEDF7A0206A44A10099FCD2 /* MedicamentCoreDataDAO.swift */,
				2BEDF7AA206A45000099FCD2 /* OrdonnanceCoreDataDAO.swift */,
				2BEDF7A6206A44E20099FCD2 /* PatientCoreDataDAO.swift */,
				2BEDF7AC206A451A0099FCD2 /* PriseMedicamenteuseCoreDataDAO.swift */,
				2BEDF7B0206A45410099FCD2 /* RDVCoreDataDAO.swift */,
				2BEDF7B6206A45810099FCD2 /* SymptomeCoreDataDAO.swift */,
				2BEDF7B2206A455B0099FCD2 /* TraceurCoreDataDAO.swift */,
				2BEDF7BA206A45AE0099FCD2 /* TypeAvisCoreDataDAO.swift */,
				2BEDF7A2206A44BF0099FCD2 /* TypeContactCoreDataDAO.swift */,
			);
			name = CoreDataDAO;
			sourceTree = "<group>";
		};
		7A6BB3522050281C00A46AB3 = {
			isa = PBXGroup;
			children = (
				7A6BB35D2050281C00A46AB3 /* Mon Pk & Moi */,
				7A6BB3752050281C00A46AB3 /* Mon Pk & MoiTests */,
				7A6BB3802050281C00A46AB3 /* Mon Pk & MoiUITests */,
				7A6BB35C2050281C00A46AB3 /* Products */,
			);
			sourceTree = "<group>";
		};
		7A6BB35C2050281C00A46AB3 /* Products */ = {
			isa = PBXGroup;
			children = (
				7A6BB35B2050281C00A46AB3 /* Mon Pk & Moi.app */,
				7A6BB3722050281C00A46AB3 /* Mon Pk & MoiTests.xctest */,
				7A6BB37D2050281C00A46AB3 /* Mon Pk & MoiUITests.xctest */,
			);
			name = Products;
			sourceTree = "<group>";
		};
		7A6BB35D2050281C00A46AB3 /* Mon Pk & Moi */ = {
			isa = PBXGroup;
			children = (
				7BFCDC6A206B847700A3A7CC /* Controller */,
				2BEDF782206A43890099FCD2 /* DAO */,
				2BEDF779206A43310099FCD2 /* Helpers */,
				2BEDF774206A43070099FCD2 /* Seeders */,
				2BEDF76E206A42C50099FCD2 /* Factory */,
				2BEDF751206A41A40099FCD2 /* Model */,
				7A6BB3972050285B00A46AB3 /* images */,
				7A6BB35E2050281C00A46AB3 /* AppDelegate.swift */,
				7A6BB3622050281C00A46AB3 /* Main.storyboard */,
				7A6BB3682050281C00A46AB3 /* Assets.xcassets */,
				7A6BB36A2050281C00A46AB3 /* LaunchScreen.storyboard */,
				7A6BB36D2050281C00A46AB3 /* Info.plist */,
				7A6BB3652050281C00A46AB3 /* Mon_Pk___Moi.xcdatamodeld */,
			);
			path = "Mon Pk & Moi";
			sourceTree = "<group>";
		};
		7A6BB3752050281C00A46AB3 /* Mon Pk & MoiTests */ = {
			isa = PBXGroup;
			children = (
				7A6BB3762050281C00A46AB3 /* Mon_Pk___MoiTests.swift */,
				7A6BB3782050281C00A46AB3 /* Info.plist */,
			);
			path = "Mon Pk & MoiTests";
			sourceTree = "<group>";
		};
		7A6BB3802050281C00A46AB3 /* Mon Pk & MoiUITests */ = {
			isa = PBXGroup;
			children = (
				7A6BB3812050281C00A46AB3 /* Mon_Pk___MoiUITests.swift */,
				7A6BB3832050281C00A46AB3 /* Info.plist */,
			);
			path = "Mon Pk & MoiUITests";
			sourceTree = "<group>";
		};
		7A6BB3972050285B00A46AB3 /* images */ = {
			isa = PBXGroup;
			children = (
				7A4D13BA20630C02005E8D6D /* fleche_droit.png */,
				7A4D13B820630AF4005E8D6D /* fleche.png */,
				7A6BB39A20502C8A00A46AB3 /* user.png */,
				7A6BB39820502B4900A46AB3 /* logo.png */,
				7A6BB38F2050285300A46AB3 /* bouton_agenda.png */,
				7A6BB3902050285300A46AB3 /* bouton_information.png */,
				7A6BB3912050285300A46AB3 /* bouton_pilulier.png */,
				7A6BB3922050285300A46AB3 /* bouton_traceur.png */,
			);
			name = images;
			sourceTree = "<group>";
		};
		7BFCDC6A206B847700A3A7CC /* Controller */ = {
			isa = PBXGroup;
			children = (
				BCB6DA9420721CB300DCD049 /* Pilulier */,
				BCB6DA9320721C5F00DCD049 /* Agenda */,
				BCB6DA9220721C3500DCD049 /* Contact */,
				BCF2FD1E2070DE8500A6C8B3 /* Synthese */,
				BCAE09B9206EF4380066F9C1 /* RemplirTraceur */,
				BCFF825F206AFAD6006AE4D6 /* InscriptionViewController.swift */,
				7A6BB3602050281C00A46AB3 /* ViewController.swift */,
				7BFCDC73206BA2E600A3A7CC /* MonProfilViewController.swift */,
			);
			name = Controller;
			sourceTree = "<group>";
		};
		BCAE09B9206EF4380066F9C1 /* RemplirTraceur */ = {
			isa = PBXGroup;
			children = (
				BCAE09BA206EF49E0066F9C1 /* RemplirTraceurViewController.swift */,
				BC348F11206F6AD100686D9E /* newPlageHoraireController.swift */,
				BCE76A1120702A07002580DF /* newEtatViewController.swift */,
				BCE76A1320703303002580DF /* NewSymptomeViewController.swift */,
				BCE76A17207040F2002580DF /* SymptomeTableViewCell.swift */,
			);
			name = RemplirTraceur;
			sourceTree = "<group>";
		};
		BCB6DA9220721C3500DCD049 /* Contact */ = {
			isa = PBXGroup;
			children = (
				7BFCDC6B206B84BE00A3A7CC /* InformationViewController.swift */,
				7BFCDC75206BBD3600A3A7CC /* AjouterContactViewController.swift */,
				7BFCDC6D206B853500A3A7CC /* ContactTableViewCell.swift */,
			);
			name = Contact;
			sourceTree = "<group>";
		};
		BCB6DA9320721C5F00DCD049 /* Agenda */ = {
			isa = PBXGroup;
			children = (
				7BFCDC71206B8EBD00A3A7CC /* EvenementTableViewCell.swift */,
				7BFCDC6F206B8D9F00A3A7CC /* AgendaViewController.swift */,
				7A6CB975206D9BBA00601DF5 /* AjouterRDVViewController.swift */,
				7A596600206EBCD5007F2ECA /* AjouterActiviteViewController.swift */,
			);
			name = Agenda;
			sourceTree = "<group>";
		};
		BCB6DA9420721CB300DCD049 /* Pilulier */ = {
			isa = PBXGroup;
			children = (
				7AA534012057C9FF00A2A443 /* pilulierViewController.swift */,
				7A2C29FE205429CA000EC45C /* AjouterPriseViewController.swift */,
				7A4D13B62062FAAC005E8D6D /* AjouterOrdonnanceViewController.swift */,
				7AA533FD2057C09C00A2A443 /* PriseMedicamentTableViewCell.swift */,
				7A4A735D2069BBC0002D1958 /* PriseOrdonnanceTableViewCell.swift */,
				7ADE30A82072F38F00C3EA45 /* ShowPriseViewController.swift */,
			);
			name = Pilulier;
			sourceTree = "<group>";
		};
		BCF2FD1E2070DE8500A6C8B3 /* Synthese */ = {
			isa = PBXGroup;
			children = (
				7B83BB862073B0F40064632E /* ShowAvisViewController.swift */,
				7B83BB8220739F0E0064632E /* SyntheseViewController.swift */,
				BCF2FD1F2070DED200A6C8B3 /* TraceursTableViewController.swift */,
				BCCDB416207123AF00DB87AA /* TraceurTableViewCell.swift */,
				BCCDB41A207154CB00DB87AA /* EvaluationTableViewCell.swift */,
				BCCDB41C207154DB00DB87AA /* ActiviteTableViewCell.swift */,
				BCCDB41E207154E800DB87AA /* PriseTableViewCell.swift */,
				BCCDB420207154F200DB87AA /* AvisTableViewCell.swift */,
			);
			name = Synthese;
			sourceTree = "<group>";
		};
/* End PBXGroup section */

/* Begin PBXNativeTarget section */
		7A6BB35A2050281C00A46AB3 /* Mon Pk & Moi */ = {
			isa = PBXNativeTarget;
			buildConfigurationList = 7A6BB3862050281C00A46AB3 /* Build configuration list for PBXNativeTarget "Mon Pk & Moi" */;
			buildPhases = (
				7A6BB3572050281C00A46AB3 /* Sources */,
				7A6BB3582050281C00A46AB3 /* Frameworks */,
				7A6BB3592050281C00A46AB3 /* Resources */,
			);
			buildRules = (
			);
			dependencies = (
			);
			name = "Mon Pk & Moi";
			productName = "Mon Pk & Moi";
			productReference = 7A6BB35B2050281C00A46AB3 /* Mon Pk & Moi.app */;
			productType = "com.apple.product-type.application";
		};
		7A6BB3712050281C00A46AB3 /* Mon Pk & MoiTests */ = {
			isa = PBXNativeTarget;
			buildConfigurationList = 7A6BB3892050281C00A46AB3 /* Build configuration list for PBXNativeTarget "Mon Pk & MoiTests" */;
			buildPhases = (
				7A6BB36E2050281C00A46AB3 /* Sources */,
				7A6BB36F2050281C00A46AB3 /* Frameworks */,
				7A6BB3702050281C00A46AB3 /* Resources */,
			);
			buildRules = (
			);
			dependencies = (
				7A6BB3742050281C00A46AB3 /* PBXTargetDependency */,
			);
			name = "Mon Pk & MoiTests";
			productName = "Mon Pk & MoiTests";
			productReference = 7A6BB3722050281C00A46AB3 /* Mon Pk & MoiTests.xctest */;
			productType = "com.apple.product-type.bundle.unit-test";
		};
		7A6BB37C2050281C00A46AB3 /* Mon Pk & MoiUITests */ = {
			isa = PBXNativeTarget;
			buildConfigurationList = 7A6BB38C2050281C00A46AB3 /* Build configuration list for PBXNativeTarget "Mon Pk & MoiUITests" */;
			buildPhases = (
				7A6BB3792050281C00A46AB3 /* Sources */,
				7A6BB37A2050281C00A46AB3 /* Frameworks */,
				7A6BB37B2050281C00A46AB3 /* Resources */,
			);
			buildRules = (
			);
			dependencies = (
				7A6BB37F2050281C00A46AB3 /* PBXTargetDependency */,
			);
			name = "Mon Pk & MoiUITests";
			productName = "Mon Pk & MoiUITests";
			productReference = 7A6BB37D2050281C00A46AB3 /* Mon Pk & MoiUITests.xctest */;
			productType = "com.apple.product-type.bundle.ui-testing";
		};
/* End PBXNativeTarget section */

/* Begin PBXProject section */
		7A6BB3532050281C00A46AB3 /* Project object */ = {
			isa = PBXProject;
			attributes = {
				LastSwiftUpdateCheck = 0820;
				LastUpgradeCheck = 0820;
				ORGANIZATIONNAME = romain;
				TargetAttributes = {
					7A6BB35A2050281C00A46AB3 = {
						CreatedOnToolsVersion = 8.2.1;
						ProvisioningStyle = Automatic;
					};
					7A6BB3712050281C00A46AB3 = {
						CreatedOnToolsVersion = 8.2.1;
						ProvisioningStyle = Automatic;
						TestTargetID = 7A6BB35A2050281C00A46AB3;
					};
					7A6BB37C2050281C00A46AB3 = {
						CreatedOnToolsVersion = 8.2.1;
						ProvisioningStyle = Automatic;
						TestTargetID = 7A6BB35A2050281C00A46AB3;
					};
				};
			};
			buildConfigurationList = 7A6BB3562050281C00A46AB3 /* Build configuration list for PBXProject "Mon Pk & Moi" */;
			compatibilityVersion = "Xcode 3.2";
			developmentRegion = English;
			hasScannedForEncodings = 0;
			knownRegions = (
				en,
				Base,
			);
			mainGroup = 7A6BB3522050281C00A46AB3;
			productRefGroup = 7A6BB35C2050281C00A46AB3 /* Products */;
			projectDirPath = "";
			projectRoot = "";
			targets = (
				7A6BB35A2050281C00A46AB3 /* Mon Pk & Moi */,
				7A6BB3712050281C00A46AB3 /* Mon Pk & MoiTests */,
				7A6BB37C2050281C00A46AB3 /* Mon Pk & MoiUITests */,
			);
		};
/* End PBXProject section */

/* Begin PBXResourcesBuildPhase section */
		7A6BB3592050281C00A46AB3 /* Resources */ = {
			isa = PBXResourcesBuildPhase;
			buildActionMask = 2147483647;
			files = (
				7A6BB36C2050281C00A46AB3 /* LaunchScreen.storyboard in Resources */,
				7A6BB3692050281C00A46AB3 /* Assets.xcassets in Resources */,
				7A6BB39B20502C8A00A46AB3 /* user.png in Resources */,
				7A6BB3952050285300A46AB3 /* bouton_pilulier.png in Resources */,
				7A6BB3942050285300A46AB3 /* bouton_information.png in Resources */,
				7A6BB39920502B4900A46AB3 /* logo.png in Resources */,
				7A6BB3932050285300A46AB3 /* bouton_agenda.png in Resources */,
				7A4D13BB20630C02005E8D6D /* fleche_droit.png in Resources */,
				7A6BB3962050285300A46AB3 /* bouton_traceur.png in Resources */,
				7A4D13B920630AF4005E8D6D /* fleche.png in Resources */,
				7A6BB3642050281C00A46AB3 /* Main.storyboard in Resources */,
			);
			runOnlyForDeploymentPostprocessing = 0;
		};
		7A6BB3702050281C00A46AB3 /* Resources */ = {
			isa = PBXResourcesBuildPhase;
			buildActionMask = 2147483647;
			files = (
			);
			runOnlyForDeploymentPostprocessing = 0;
		};
		7A6BB37B2050281C00A46AB3 /* Resources */ = {
			isa = PBXResourcesBuildPhase;
			buildActionMask = 2147483647;
			files = (
			);
			runOnlyForDeploymentPostprocessing = 0;
		};
/* End PBXResourcesBuildPhase section */

/* Begin PBXSourcesBuildPhase section */
		7A6BB3572050281C00A46AB3 /* Sources */ = {
			isa = PBXSourcesBuildPhase;
			buildActionMask = 2147483647;
			files = (
				2BEDF7B1206A45410099FCD2 /* RDVCoreDataDAO.swift in Sources */,
				2BEDF78C206A43E80099FCD2 /* EvenementDAO.swift in Sources */,
				7A4D13B72062FAAC005E8D6D /* AjouterOrdonnanceViewController.swift in Sources */,
				7AA533FE2057C09C00A2A443 /* PriseMedicamentTableViewCell.swift in Sources */,
				2BEDF798206A44470099FCD2 /* TraceurDAO.swift in Sources */,
				2BEDF78A206A43D60099FCD2 /* EvaluationDAO.swift in Sources */,
				2BEDF786206A43A20099FCD2 /* AvisDAO.swift in Sources */,
				7BFCDC76206BBD3600A3A7CC /* AjouterContactViewController.swift in Sources */,
				7B83BB8320739F0E0064632E /* SyntheseViewController.swift in Sources */,
				2BEDF7A5206A44D00099FCD2 /* ContactCoreDataDAO.swift in Sources */,
				2BEDF757206A41F10099FCD2 /* ContactExtension.swift in Sources */,
				2BEDF792206A44170099FCD2 /* PatientDAO.swift in Sources */,
				2BEDF75B206A42130099FCD2 /* EvenementExtension.swift in Sources */,
				7ADE30A92072F38F00C3EA45 /* ShowPriseViewController.swift in Sources */,
				2BEDF796206A44370099FCD2 /* RDVDAO.swift in Sources */,
				7BFCDC70206B8D9F00A3A7CC /* AgendaViewController.swift in Sources */,
				BCF2FD202070DED200A6C8B3 /* TraceursTableViewController.swift in Sources */,
				7BFCDC74206BA2E600A3A7CC /* MonProfilViewController.swift in Sources */,
				7A4A735E2069BBC0002D1958 /* PriseOrdonnanceTableViewCell.swift in Sources */,
				BCC265FA206F8A2E008093C4 /* NSDateExtension.swift in Sources */,
				2BEDF77B206A433F0099FCD2 /* DialogBoxHelper.swift in Sources */,
				2BEDF790206A44050099FCD2 /* OrdonnanceDAO.swift in Sources */,
				2BEDF765206A42710099FCD2 /* TraceurExtension.swift in Sources */,
				2BEDF76B206A42A70099FCD2 /* AvisExtension.swift in Sources */,
				2BEDF759206A42030099FCD2 /* PatientExtension.swift in Sources */,
				7A596601206EBCD5007F2ECA /* AjouterActiviteViewController.swift in Sources */,
				2BEDF7A9206A44F30099FCD2 /* EvenementCoreDataDAO.swift in Sources */,
				7B83BB8020737FF70064632E /* TypeAvisSeeder.swift in Sources */,
				7BFCDC72206B8EBD00A3A7CC /* EvenementTableViewCell.swift in Sources */,
				BCE76A1420703303002580DF /* NewSymptomeViewController.swift in Sources */,
				2BEDF77F206A43640099FCD2 /* DataHelper.swift in Sources */,
				2BEDF7B3206A455B0099FCD2 /* TraceurCoreDataDAO.swift in Sources */,
				7A6BB3612050281C00A46AB3 /* ViewController.swift in Sources */,
				2BEDF7B9206A45960099FCD2 /* AvisCoreDataDAO.swift in Sources */,
				2BEDF773206A42FA0099FCD2 /* CoreDataDAOFactory.swift in Sources */,
				2BEDF78E206A43F70099FCD2 /* MedicamentDAO.swift in Sources */,
				2BEDF776206A43140099FCD2 /* MedicamentSeeder.swift in Sources */,
				2BEDF79E206A447B0099FCD2 /* SymptomeDAO.swift in Sources */,
				BCFF8260206AFAD6006AE4D6 /* InscriptionViewController.swift in Sources */,
				2BEDF7B7206A45810099FCD2 /* SymptomeCoreDataDAO.swift in Sources */,
				2BEDF7A7206A44E20099FCD2 /* PatientCoreDataDAO.swift in Sources */,
				BCE76A1220702A07002580DF /* newEtatViewController.swift in Sources */,
				2BEDF79C206A44680099FCD2 /* TypeContactDAO.swift in Sources */,
				2BEDF7AD206A451A0099FCD2 /* PriseMedicamenteuseCoreDataDAO.swift in Sources */,
				BCE76A16207039B1002580DF /* SymptomeSeeder.swift in Sources */,
				2BEDF7B5206A456F0099FCD2 /* EvaluationCoreDataDAO.swift in Sources */,
				BCCDB421207154F200DB87AA /* AvisTableViewCell.swift in Sources */,
				7BFCDC6E206B853500A3A7CC /* ContactTableViewCell.swift in Sources */,
				2BEDF753206A41BE0099FCD2 /* MedicamentExtension.swift in Sources */,
				2BEDF763206A42600099FCD2 /* RDVExtension.swift in Sources */,
				2BEDF781206A437A0099FCD2 /* DateHelper.swift in Sources */,
				2BEDF79A206A44570099FCD2 /* TypeAvisDAO.swift in Sources */,
				2BEDF755206A41DA0099FCD2 /* TypeContactExtension.swift in Sources */,
				2BEDF794206A44290099FCD2 /* PriseMedicamenteuseDAO.swift in Sources */,
				BCCDB41D207154DB00DB87AA /* ActiviteTableViewCell.swift in Sources */,
				2BEDF75D206A42260099FCD2 /* OrdonnanceExtension.swift in Sources */,
				7AA534022057C9FF00A2A443 /* pilulierViewController.swift in Sources */,
				2BEDF7AF206A45300099FCD2 /* ActiviteCoreDataDAO.swift in Sources */,
				2BEDF7BB206A45AE0099FCD2 /* TypeAvisCoreDataDAO.swift in Sources */,
				BCAE09BB206EF49E0066F9C1 /* RemplirTraceurViewController.swift in Sources */,
				BCCDB41F207154E800DB87AA /* PriseTableViewCell.swift in Sources */,
				2BEDF778206A43270099FCD2 /* TypeContactSeeder.swift in Sources */,
				7A6BB3672050281C00A46AB3 /* Mon_Pk___Moi.xcdatamodeld in Sources */,
				7A2C29FF205429CA000EC45C /* AjouterPriseViewController.swift in Sources */,
				BCCDB417207123AF00DB87AA /* TraceurTableViewCell.swift in Sources */,
				2BEDF761206A424E0099FCD2 /* ActiviteExtension.swift in Sources */,
				2BEDF76D206A42B50099FCD2 /* TypeAvisExtension.swift in Sources */,
				7A6BB35F2050281C00A46AB3 /* AppDelegate.swift in Sources */,
				BCCDB41B207154CB00DB87AA /* EvaluationTableViewCell.swift in Sources */,
				2BEDF784206A43970099FCD2 /* ActiviteDAO.swift in Sources */,
				7B83BB872073B0F40064632E /* ShowAvisViewController.swift in Sources */,
				2BEDF7A1206A44A10099FCD2 /* MedicamentCoreDataDAO.swift in Sources */,
				2BEDF770206A42DA0099FCD2 /* AbstractDAOFactory.swift in Sources */,
				BCE76A18207040F2002580DF /* SymptomeTableViewCell.swift in Sources */,
				2BEDF7A3206A44BF0099FCD2 /* TypeContactCoreDataDAO.swift in Sources */,
				2BEDF7AB206A45000099FCD2 /* OrdonnanceCoreDataDAO.swift in Sources */,
				2BEDF767206A42810099FCD2 /* EvaluationExtension.swift in Sources */,
				2BEDF77D206A43550099FCD2 /* CoreDataManager.swift in Sources */,
				2BEDF769206A42960099FCD2 /* SymptomeExtension.swift in Sources */,
				7A6CB976206D9BBA00601DF5 /* AjouterRDVViewController.swift in Sources */,
				2BEDF788206A43BD0099FCD2 /* ContactDAO.swift in Sources */,
				2BEDF75F206A423D0099FCD2 /* PriseMedicamenteuseExtension.swift in Sources */,
				BC348F12206F6AD100686D9E /* newPlageHoraireController.swift in Sources */,
				7BFCDC6C206B84BE00A3A7CC /* InformationViewController.swift in Sources */,
			);
			runOnlyForDeploymentPostprocessing = 0;
		};
		7A6BB36E2050281C00A46AB3 /* Sources */ = {
			isa = PBXSourcesBuildPhase;
			buildActionMask = 2147483647;
			files = (
				7A6BB3772050281C00A46AB3 /* Mon_Pk___MoiTests.swift in Sources */,
			);
			runOnlyForDeploymentPostprocessing = 0;
		};
		7A6BB3792050281C00A46AB3 /* Sources */ = {
			isa = PBXSourcesBuildPhase;
			buildActionMask = 2147483647;
			files = (
				7A6BB3822050281C00A46AB3 /* Mon_Pk___MoiUITests.swift in Sources */,
			);
			runOnlyForDeploymentPostprocessing = 0;
		};
/* End PBXSourcesBuildPhase section */

/* Begin PBXTargetDependency section */
		7A6BB3742050281C00A46AB3 /* PBXTargetDependency */ = {
			isa = PBXTargetDependency;
			target = 7A6BB35A2050281C00A46AB3 /* Mon Pk & Moi */;
			targetProxy = 7A6BB3732050281C00A46AB3 /* PBXContainerItemProxy */;
		};
		7A6BB37F2050281C00A46AB3 /* PBXTargetDependency */ = {
			isa = PBXTargetDependency;
			target = 7A6BB35A2050281C00A46AB3 /* Mon Pk & Moi */;
			targetProxy = 7A6BB37E2050281C00A46AB3 /* PBXContainerItemProxy */;
		};
/* End PBXTargetDependency section */

/* Begin PBXVariantGroup section */
		7A6BB3622050281C00A46AB3 /* Main.storyboard */ = {
			isa = PBXVariantGroup;
			children = (
				7A6BB3632050281C00A46AB3 /* Base */,
			);
			name = Main.storyboard;
			sourceTree = "<group>";
		};
		7A6BB36A2050281C00A46AB3 /* LaunchScreen.storyboard */ = {
			isa = PBXVariantGroup;
			children = (
				7A6BB36B2050281C00A46AB3 /* Base */,
			);
			name = LaunchScreen.storyboard;
			sourceTree = "<group>";
		};
/* End PBXVariantGroup section */

/* Begin XCBuildConfiguration section */
		7A6BB3842050281C00A46AB3 /* Debug */ = {
			isa = XCBuildConfiguration;
			buildSettings = {
				ALWAYS_SEARCH_USER_PATHS = NO;
				CLANG_ANALYZER_NONNULL = YES;
				CLANG_CXX_LANGUAGE_STANDARD = "gnu++0x";
				CLANG_CXX_LIBRARY = "libc++";
				CLANG_ENABLE_MODULES = YES;
				CLANG_ENABLE_OBJC_ARC = YES;
				CLANG_WARN_BOOL_CONVERSION = YES;
				CLANG_WARN_CONSTANT_CONVERSION = YES;
				CLANG_WARN_DIRECT_OBJC_ISA_USAGE = YES_ERROR;
				CLANG_WARN_DOCUMENTATION_COMMENTS = YES;
				CLANG_WARN_EMPTY_BODY = YES;
				CLANG_WARN_ENUM_CONVERSION = YES;
				CLANG_WARN_INFINITE_RECURSION = YES;
				CLANG_WARN_INT_CONVERSION = YES;
				CLANG_WARN_OBJC_ROOT_CLASS = YES_ERROR;
				CLANG_WARN_SUSPICIOUS_MOVE = YES;
				CLANG_WARN_UNREACHABLE_CODE = YES;
				CLANG_WARN__DUPLICATE_METHOD_MATCH = YES;
				"CODE_SIGN_IDENTITY[sdk=iphoneos*]" = "iPhone Developer";
				COPY_PHASE_STRIP = NO;
				DEBUG_INFORMATION_FORMAT = dwarf;
				ENABLE_STRICT_OBJC_MSGSEND = YES;
				ENABLE_TESTABILITY = YES;
				GCC_C_LANGUAGE_STANDARD = gnu99;
				GCC_DYNAMIC_NO_PIC = NO;
				GCC_NO_COMMON_BLOCKS = YES;
				GCC_OPTIMIZATION_LEVEL = 0;
				GCC_PREPROCESSOR_DEFINITIONS = (
					"DEBUG=1",
					"$(inherited)",
				);
				GCC_WARN_64_TO_32_BIT_CONVERSION = YES;
				GCC_WARN_ABOUT_RETURN_TYPE = YES_ERROR;
				GCC_WARN_UNDECLARED_SELECTOR = YES;
				GCC_WARN_UNINITIALIZED_AUTOS = YES_AGGRESSIVE;
				GCC_WARN_UNUSED_FUNCTION = YES;
				GCC_WARN_UNUSED_VARIABLE = YES;
				IPHONEOS_DEPLOYMENT_TARGET = 10.2;
				MTL_ENABLE_DEBUG_INFO = YES;
				ONLY_ACTIVE_ARCH = YES;
				SDKROOT = iphoneos;
				SWIFT_ACTIVE_COMPILATION_CONDITIONS = DEBUG;
				SWIFT_OPTIMIZATION_LEVEL = "-Onone";
				TARGETED_DEVICE_FAMILY = "1,2";
			};
			name = Debug;
		};
		7A6BB3852050281C00A46AB3 /* Release */ = {
			isa = XCBuildConfiguration;
			buildSettings = {
				ALWAYS_SEARCH_USER_PATHS = NO;
				CLANG_ANALYZER_NONNULL = YES;
				CLANG_CXX_LANGUAGE_STANDARD = "gnu++0x";
				CLANG_CXX_LIBRARY = "libc++";
				CLANG_ENABLE_MODULES = YES;
				CLANG_ENABLE_OBJC_ARC = YES;
				CLANG_WARN_BOOL_CONVERSION = YES;
				CLANG_WARN_CONSTANT_CONVERSION = YES;
				CLANG_WARN_DIRECT_OBJC_ISA_USAGE = YES_ERROR;
				CLANG_WARN_DOCUMENTATION_COMMENTS = YES;
				CLANG_WARN_EMPTY_BODY = YES;
				CLANG_WARN_ENUM_CONVERSION = YES;
				CLANG_WARN_INFINITE_RECURSION = YES;
				CLANG_WARN_INT_CONVERSION = YES;
				CLANG_WARN_OBJC_ROOT_CLASS = YES_ERROR;
				CLANG_WARN_SUSPICIOUS_MOVE = YES;
				CLANG_WARN_UNREACHABLE_CODE = YES;
				CLANG_WARN__DUPLICATE_METHOD_MATCH = YES;
				"CODE_SIGN_IDENTITY[sdk=iphoneos*]" = "iPhone Developer";
				COPY_PHASE_STRIP = NO;
				DEBUG_INFORMATION_FORMAT = "dwarf-with-dsym";
				ENABLE_NS_ASSERTIONS = NO;
				ENABLE_STRICT_OBJC_MSGSEND = YES;
				GCC_C_LANGUAGE_STANDARD = gnu99;
				GCC_NO_COMMON_BLOCKS = YES;
				GCC_WARN_64_TO_32_BIT_CONVERSION = YES;
				GCC_WARN_ABOUT_RETURN_TYPE = YES_ERROR;
				GCC_WARN_UNDECLARED_SELECTOR = YES;
				GCC_WARN_UNINITIALIZED_AUTOS = YES_AGGRESSIVE;
				GCC_WARN_UNUSED_FUNCTION = YES;
				GCC_WARN_UNUSED_VARIABLE = YES;
				IPHONEOS_DEPLOYMENT_TARGET = 10.2;
				MTL_ENABLE_DEBUG_INFO = NO;
				SDKROOT = iphoneos;
				SWIFT_OPTIMIZATION_LEVEL = "-Owholemodule";
				TARGETED_DEVICE_FAMILY = "1,2";
				VALIDATE_PRODUCT = YES;
			};
			name = Release;
		};
		7A6BB3872050281C00A46AB3 /* Debug */ = {
			isa = XCBuildConfiguration;
			buildSettings = {
				ASSETCATALOG_COMPILER_APPICON_NAME = AppIcon;
				INFOPLIST_FILE = "Mon Pk & Moi/Info.plist";
				LD_RUNPATH_SEARCH_PATHS = "$(inherited) @executable_path/Frameworks";
				PRODUCT_BUNDLE_IDENTIFIER = "projet.Mon-Pk---Moi";
				PRODUCT_NAME = "$(TARGET_NAME)";
				SWIFT_VERSION = 3.0;
			};
			name = Debug;
		};
		7A6BB3882050281C00A46AB3 /* Release */ = {
			isa = XCBuildConfiguration;
			buildSettings = {
				ASSETCATALOG_COMPILER_APPICON_NAME = AppIcon;
				INFOPLIST_FILE = "Mon Pk & Moi/Info.plist";
				LD_RUNPATH_SEARCH_PATHS = "$(inherited) @executable_path/Frameworks";
				PRODUCT_BUNDLE_IDENTIFIER = "projet.Mon-Pk---Moi";
				PRODUCT_NAME = "$(TARGET_NAME)";
				SWIFT_VERSION = 3.0;
			};
			name = Release;
		};
		7A6BB38A2050281C00A46AB3 /* Debug */ = {
			isa = XCBuildConfiguration;
			buildSettings = {
				ALWAYS_EMBED_SWIFT_STANDARD_LIBRARIES = YES;
				BUNDLE_LOADER = "$(TEST_HOST)";
				INFOPLIST_FILE = "Mon Pk & MoiTests/Info.plist";
				LD_RUNPATH_SEARCH_PATHS = "$(inherited) @executable_path/Frameworks @loader_path/Frameworks";
				PRODUCT_BUNDLE_IDENTIFIER = "projet.Mon-Pk---MoiTests";
				PRODUCT_NAME = "$(TARGET_NAME)";
				SWIFT_VERSION = 3.0;
				TEST_HOST = "$(BUILT_PRODUCTS_DIR)/Mon Pk & Moi.app/Mon Pk & Moi";
			};
			name = Debug;
		};
		7A6BB38B2050281C00A46AB3 /* Release */ = {
			isa = XCBuildConfiguration;
			buildSettings = {
				ALWAYS_EMBED_SWIFT_STANDARD_LIBRARIES = YES;
				BUNDLE_LOADER = "$(TEST_HOST)";
				INFOPLIST_FILE = "Mon Pk & MoiTests/Info.plist";
				LD_RUNPATH_SEARCH_PATHS = "$(inherited) @executable_path/Frameworks @loader_path/Frameworks";
				PRODUCT_BUNDLE_IDENTIFIER = "projet.Mon-Pk---MoiTests";
				PRODUCT_NAME = "$(TARGET_NAME)";
				SWIFT_VERSION = 3.0;
				TEST_HOST = "$(BUILT_PRODUCTS_DIR)/Mon Pk & Moi.app/Mon Pk & Moi";
			};
			name = Release;
		};
		7A6BB38D2050281C00A46AB3 /* Debug */ = {
			isa = XCBuildConfiguration;
			buildSettings = {
				ALWAYS_EMBED_SWIFT_STANDARD_LIBRARIES = YES;
				INFOPLIST_FILE = "Mon Pk & MoiUITests/Info.plist";
				LD_RUNPATH_SEARCH_PATHS = "$(inherited) @executable_path/Frameworks @loader_path/Frameworks";
				PRODUCT_BUNDLE_IDENTIFIER = "projet.Mon-Pk---MoiUITests";
				PRODUCT_NAME = "$(TARGET_NAME)";
				SWIFT_VERSION = 3.0;
				TEST_TARGET_NAME = "Mon Pk & Moi";
			};
			name = Debug;
		};
		7A6BB38E2050281C00A46AB3 /* Release */ = {
			isa = XCBuildConfiguration;
			buildSettings = {
				ALWAYS_EMBED_SWIFT_STANDARD_LIBRARIES = YES;
				INFOPLIST_FILE = "Mon Pk & MoiUITests/Info.plist";
				LD_RUNPATH_SEARCH_PATHS = "$(inherited) @executable_path/Frameworks @loader_path/Frameworks";
				PRODUCT_BUNDLE_IDENTIFIER = "projet.Mon-Pk---MoiUITests";
				PRODUCT_NAME = "$(TARGET_NAME)";
				SWIFT_VERSION = 3.0;
				TEST_TARGET_NAME = "Mon Pk & Moi";
			};
			name = Release;
		};
/* End XCBuildConfiguration section */

/* Begin XCConfigurationList section */
		7A6BB3562050281C00A46AB3 /* Build configuration list for PBXProject "Mon Pk & Moi" */ = {
			isa = XCConfigurationList;
			buildConfigurations = (
				7A6BB3842050281C00A46AB3 /* Debug */,
				7A6BB3852050281C00A46AB3 /* Release */,
			);
			defaultConfigurationIsVisible = 0;
			defaultConfigurationName = Release;
		};
		7A6BB3862050281C00A46AB3 /* Build configuration list for PBXNativeTarget "Mon Pk & Moi" */ = {
			isa = XCConfigurationList;
			buildConfigurations = (
				7A6BB3872050281C00A46AB3 /* Debug */,
				7A6BB3882050281C00A46AB3 /* Release */,
			);
			defaultConfigurationIsVisible = 0;
			defaultConfigurationName = Release;
		};
		7A6BB3892050281C00A46AB3 /* Build configuration list for PBXNativeTarget "Mon Pk & MoiTests" */ = {
			isa = XCConfigurationList;
			buildConfigurations = (
				7A6BB38A2050281C00A46AB3 /* Debug */,
				7A6BB38B2050281C00A46AB3 /* Release */,
			);
			defaultConfigurationIsVisible = 0;
			defaultConfigurationName = Release;
		};
		7A6BB38C2050281C00A46AB3 /* Build configuration list for PBXNativeTarget "Mon Pk & MoiUITests" */ = {
			isa = XCConfigurationList;
			buildConfigurations = (
				7A6BB38D2050281C00A46AB3 /* Debug */,
				7A6BB38E2050281C00A46AB3 /* Release */,
			);
			defaultConfigurationIsVisible = 0;
			defaultConfigurationName = Release;
		};
/* End XCConfigurationList section */

/* Begin XCVersionGroup section */
		7A6BB3652050281C00A46AB3 /* Mon_Pk___Moi.xcdatamodeld */ = {
			isa = XCVersionGroup;
			children = (
				7A6BB3662050281C00A46AB3 /* Mon_Pk___Moi.xcdatamodel */,
			);
			currentVersion = 7A6BB3662050281C00A46AB3 /* Mon_Pk___Moi.xcdatamodel */;
			path = "Mon_Pk___Moi.xcdatamodeld";
			sourceTree = "<group>";
			versionGroupType = wrapper.xcdatamodel;
		};
/* End XCVersionGroup section */
	};
	rootObject = 7A6BB3532050281C00A46AB3 /* Project object */;
}
